// !$*UTF8*$!
{
	archiveVersion = 1;
	classes = {
	};
	objectVersion = 46;
	objects = {

/* Begin PBXBuildFile section */
		0BFC9C20FD7E3C8D5873AA97 /* ofxMidiIn.cpp in Sources */ = {isa = PBXBuildFile; fileRef = 3DD359247F3ED1550D8BB5C9 /* ofxMidiIn.cpp */; };
		1A86B7721CAEBC6F1C572C45 /* ofxBaseMidi.cpp in Sources */ = {isa = PBXBuildFile; fileRef = 94B3C3C21F92F9310CA90986 /* ofxBaseMidi.cpp */; };
		3AEFE4FA8AD5C72671AD07F8 /* ofxRtMidiOut.cpp in Sources */ = {isa = PBXBuildFile; fileRef = 712B183BC00EBFFB1EEA5AB8 /* ofxRtMidiOut.cpp */; };
		63D0FD8734D5760B8080C901 /* RtMidi.cpp in Sources */ = {isa = PBXBuildFile; fileRef = ABDEF0ACF05BF28F5C74E008 /* RtMidi.cpp */; };
		63F9FE1D90234FA6DE6F509E /* ofxMidi.cpp in Sources */ = {isa = PBXBuildFile; fileRef = E238CCDE032640E0FEBFAD82 /* ofxMidi.cpp */; };
		83D9F930112E0944444124EE /* ofxMidiOut.cpp in Sources */ = {isa = PBXBuildFile; fileRef = 04F77E5C73A62E2E77C78EC6 /* ofxMidiOut.cpp */; };
		A08D9CF6078FDA57A7CE04C4 /* ofxTonicSynth.cpp in Sources */ = {isa = PBXBuildFile; fileRef = 4D93B72FD7946A3E4E687039 /* ofxTonicSynth.cpp */; };
		A8D33B1C18760C390046480F /* ADSR.cpp in Sources */ = {isa = PBXBuildFile; fileRef = A8D33AAF18760C380046480F /* ADSR.cpp */; };
		A8D33B1D18760C390046480F /* Arithmetic.cpp in Sources */ = {isa = PBXBuildFile; fileRef = A8D33AB118760C380046480F /* Arithmetic.cpp */; };
		A8D33B1E18760C390046480F /* BasicDelay.cpp in Sources */ = {isa = PBXBuildFile; fileRef = A8D33AB318760C380046480F /* BasicDelay.cpp */; };
		A8D33B1F18760C390046480F /* BLEPOscillator.cpp in Sources */ = {isa = PBXBuildFile; fileRef = A8D33AB518760C380046480F /* BLEPOscillator.cpp */; };
		A8D33B2018760C390046480F /* BufferFiller.cpp in Sources */ = {isa = PBXBuildFile; fileRef = A8D33AB718760C380046480F /* BufferFiller.cpp */; };
		A8D33B2118760C390046480F /* CombFilter.cpp in Sources */ = {isa = PBXBuildFile; fileRef = A8D33AB918760C390046480F /* CombFilter.cpp */; };
		A8D33B2218760C390046480F /* CompressorLimiter.cpp in Sources */ = {isa = PBXBuildFile; fileRef = A8D33ABB18760C390046480F /* CompressorLimiter.cpp */; };
		A8D33B2318760C390046480F /* ControlArithmetic.cpp in Sources */ = {isa = PBXBuildFile; fileRef = A8D33ABD18760C390046480F /* ControlArithmetic.cpp */; };
		A8D33B2418760C390046480F /* ControlChangeNotifier.cpp in Sources */ = {isa = PBXBuildFile; fileRef = A8D33ABF18760C390046480F /* ControlChangeNotifier.cpp */; };
		A8D33B2518760C390046480F /* ControlComparison.cpp in Sources */ = {isa = PBXBuildFile; fileRef = A8D33AC118760C390046480F /* ControlComparison.cpp */; };
		A8D33B2618760C390046480F /* ControlConditioner.cpp in Sources */ = {isa = PBXBuildFile; fileRef = A8D33AC318760C390046480F /* ControlConditioner.cpp */; };
		A8D33B2718760C390046480F /* ControlCounter.cpp in Sources */ = {isa = PBXBuildFile; fileRef = A8D33AC518760C390046480F /* ControlCounter.cpp */; };
		A8D33B2818760C390046480F /* ControlDbToLinear.cpp in Sources */ = {isa = PBXBuildFile; fileRef = A8D33AC718760C390046480F /* ControlDbToLinear.cpp */; };
		A8D33B2918760C390046480F /* ControlDelay.cpp in Sources */ = {isa = PBXBuildFile; fileRef = A8D33AC918760C390046480F /* ControlDelay.cpp */; };
		A8D33B2A18760C390046480F /* ControlFloor.cpp in Sources */ = {isa = PBXBuildFile; fileRef = A8D33ACB18760C390046480F /* ControlFloor.cpp */; };
		A8D33B2B18760C390046480F /* ControlGenerator.cpp in Sources */ = {isa = PBXBuildFile; fileRef = A8D33ACD18760C390046480F /* ControlGenerator.cpp */; };
		A8D33B2C18760C390046480F /* ControlMetro.cpp in Sources */ = {isa = PBXBuildFile; fileRef = A8D33ACF18760C390046480F /* ControlMetro.cpp */; };
		A8D33B2D18760C390046480F /* ControlMetroDivider.cpp in Sources */ = {isa = PBXBuildFile; fileRef = A8D33AD118760C390046480F /* ControlMetroDivider.cpp */; };
		A8D33B2E18760C390046480F /* ControlMidiToFreq.cpp in Sources */ = {isa = PBXBuildFile; fileRef = A8D33AD318760C390046480F /* ControlMidiToFreq.cpp */; };
		A8D33B2F18760C390046480F /* ControlParameter.cpp in Sources */ = {isa = PBXBuildFile; fileRef = A8D33AD518760C390046480F /* ControlParameter.cpp */; };
		A8D33B3018760C390046480F /* ControlPrinter.cpp in Sources */ = {isa = PBXBuildFile; fileRef = A8D33AD718760C390046480F /* ControlPrinter.cpp */; };
		A8D33B3118760C390046480F /* ControlPulse.cpp in Sources */ = {isa = PBXBuildFile; fileRef = A8D33AD918760C390046480F /* ControlPulse.cpp */; };
		A8D33B3218760C390046480F /* ControlRandom.cpp in Sources */ = {isa = PBXBuildFile; fileRef = A8D33ADB18760C390046480F /* ControlRandom.cpp */; };
		A8D33B3318760C390046480F /* ControlRecorder.cpp in Sources */ = {isa = PBXBuildFile; fileRef = A8D33ADD18760C390046480F /* ControlRecorder.cpp */; };
		A8D33B3418760C390046480F /* ControlSnapToScale.cpp in Sources */ = {isa = PBXBuildFile; fileRef = A8D33ADF18760C390046480F /* ControlSnapToScale.cpp */; };
		A8D33B3518760C390046480F /* ControlStepper.cpp in Sources */ = {isa = PBXBuildFile; fileRef = A8D33AE118760C390046480F /* ControlStepper.cpp */; };
		A8D33B3618760C390046480F /* ControlSwitcher.cpp in Sources */ = {isa = PBXBuildFile; fileRef = A8D33AE318760C390046480F /* ControlSwitcher.cpp */; };
		A8D33B3718760C390046480F /* ControlTrigger.cpp in Sources */ = {isa = PBXBuildFile; fileRef = A8D33AE518760C390046480F /* ControlTrigger.cpp */; };
		A8D33B3818760C390046480F /* ControlTriggerFilter.cpp in Sources */ = {isa = PBXBuildFile; fileRef = A8D33AE718760C390046480F /* ControlTriggerFilter.cpp */; };
		A8D33B3918760C390046480F /* ControlValue.cpp in Sources */ = {isa = PBXBuildFile; fileRef = A8D33AE918760C390046480F /* ControlValue.cpp */; };
		A8D33B3A18760C390046480F /* ControlXYSpeed.cpp in Sources */ = {isa = PBXBuildFile; fileRef = A8D33AEB18760C390046480F /* ControlXYSpeed.cpp */; };
		A8D33B3B18760C390046480F /* DelayUtils.cpp in Sources */ = {isa = PBXBuildFile; fileRef = A8D33AED18760C390046480F /* DelayUtils.cpp */; };
		A8D33B3C18760C390046480F /* DSPUtils.cpp in Sources */ = {isa = PBXBuildFile; fileRef = A8D33AEF18760C390046480F /* DSPUtils.cpp */; };
		A8D33B3D18760C390046480F /* Effect.cpp in Sources */ = {isa = PBXBuildFile; fileRef = A8D33AF118760C390046480F /* Effect.cpp */; };
		A8D33B3E18760C390046480F /* Filters.cpp in Sources */ = {isa = PBXBuildFile; fileRef = A8D33AF318760C390046480F /* Filters.cpp */; };
		A8D33B3F18760C390046480F /* FilterUtils.cpp in Sources */ = {isa = PBXBuildFile; fileRef = A8D33AF518760C390046480F /* FilterUtils.cpp */; };
		A8D33B4018760C390046480F /* FixedValue.cpp in Sources */ = {isa = PBXBuildFile; fileRef = A8D33AF718760C390046480F /* FixedValue.cpp */; };
		A8D33B4118760C390046480F /* Generator.cpp in Sources */ = {isa = PBXBuildFile; fileRef = A8D33AF918760C390046480F /* Generator.cpp */; };
		A8D33B4218760C390046480F /* LFNoise.cpp in Sources */ = {isa = PBXBuildFile; fileRef = A8D33AFB18760C390046480F /* LFNoise.cpp */; };
		A8D33B4318760C390046480F /* Mixer.cpp in Sources */ = {isa = PBXBuildFile; fileRef = A8D33AFD18760C390046480F /* Mixer.cpp */; };
		A8D33B4418760C390046480F /* MonoToStereoPanner.cpp in Sources */ = {isa = PBXBuildFile; fileRef = A8D33AFF18760C390046480F /* MonoToStereoPanner.cpp */; };
		A8D33B4518760C390046480F /* Noise.cpp in Sources */ = {isa = PBXBuildFile; fileRef = A8D33B0118760C390046480F /* Noise.cpp */; };
		A8D33B4618760C390046480F /* RampedValue.cpp in Sources */ = {isa = PBXBuildFile; fileRef = A8D33B0318760C390046480F /* RampedValue.cpp */; };
		A8D33B4718760C390046480F /* RectWave.cpp in Sources */ = {isa = PBXBuildFile; fileRef = A8D33B0518760C390046480F /* RectWave.cpp */; };
		A8D33B4818760C390046480F /* Reverb.cpp in Sources */ = {isa = PBXBuildFile; fileRef = A8D33B0718760C390046480F /* Reverb.cpp */; };
		A8D33B4918760C390046480F /* RingBuffer.cpp in Sources */ = {isa = PBXBuildFile; fileRef = A8D33B0918760C390046480F /* RingBuffer.cpp */; };
		A8D33B4A18760C390046480F /* SampleTable.cpp in Sources */ = {isa = PBXBuildFile; fileRef = A8D33B0B18760C390046480F /* SampleTable.cpp */; };
		A8D33B4B18760C390046480F /* SawtoothWave.cpp in Sources */ = {isa = PBXBuildFile; fileRef = A8D33B0D18760C390046480F /* SawtoothWave.cpp */; };
		A8D33B4C18760C390046480F /* SineWave.cpp in Sources */ = {isa = PBXBuildFile; fileRef = A8D33B0F18760C390046480F /* SineWave.cpp */; };
		A8D33B4D18760C390046480F /* StereoDelay.cpp in Sources */ = {isa = PBXBuildFile; fileRef = A8D33B1218760C390046480F /* StereoDelay.cpp */; };
		A8D33B4E18760C390046480F /* Synth.cpp in Sources */ = {isa = PBXBuildFile; fileRef = A8D33B1418760C390046480F /* Synth.cpp */; };
		A8D33B4F18760C390046480F /* TableLookupOsc.cpp in Sources */ = {isa = PBXBuildFile; fileRef = A8D33B1618760C390046480F /* TableLookupOsc.cpp */; };
		A8D33B5018760C390046480F /* TonicFrames.cpp in Sources */ = {isa = PBXBuildFile; fileRef = A8D33B1918760C390046480F /* TonicFrames.cpp */; };
		BBAB23CB13894F3D00AA2426 /* GLUT.framework in CopyFiles */ = {isa = PBXBuildFile; fileRef = BBAB23BE13894E4700AA2426 /* GLUT.framework */; };
		BCC8D420CBA9217E437D2D76 /* ofxRtMidiIn.cpp in Sources */ = {isa = PBXBuildFile; fileRef = F634AA6CA2E3C60F3B87B59A /* ofxRtMidiIn.cpp */; };
		C6FE64F74F1EA1D98C8F9847 /* ofxMidiMessage.cpp in Sources */ = {isa = PBXBuildFile; fileRef = C0E7EDA67EDF213FC0E83D17 /* ofxMidiMessage.cpp */; };
		E4328149138ABC9F0047C5CB /* openFrameworksDebug.a in Frameworks */ = {isa = PBXBuildFile; fileRef = E4328148138ABC890047C5CB /* openFrameworksDebug.a */; };
		E45BE97B0E8CC7DD009D7055 /* AGL.framework in Frameworks */ = {isa = PBXBuildFile; fileRef = E45BE9710E8CC7DD009D7055 /* AGL.framework */; };
		E45BE97C0E8CC7DD009D7055 /* ApplicationServices.framework in Frameworks */ = {isa = PBXBuildFile; fileRef = E45BE9720E8CC7DD009D7055 /* ApplicationServices.framework */; };
		E45BE97D0E8CC7DD009D7055 /* AudioToolbox.framework in Frameworks */ = {isa = PBXBuildFile; fileRef = E45BE9730E8CC7DD009D7055 /* AudioToolbox.framework */; };
		E45BE97E0E8CC7DD009D7055 /* Carbon.framework in Frameworks */ = {isa = PBXBuildFile; fileRef = E45BE9740E8CC7DD009D7055 /* Carbon.framework */; };
		E45BE97F0E8CC7DD009D7055 /* CoreAudio.framework in Frameworks */ = {isa = PBXBuildFile; fileRef = E45BE9750E8CC7DD009D7055 /* CoreAudio.framework */; };
		E45BE9800E8CC7DD009D7055 /* CoreFoundation.framework in Frameworks */ = {isa = PBXBuildFile; fileRef = E45BE9760E8CC7DD009D7055 /* CoreFoundation.framework */; };
		E45BE9810E8CC7DD009D7055 /* CoreServices.framework in Frameworks */ = {isa = PBXBuildFile; fileRef = E45BE9770E8CC7DD009D7055 /* CoreServices.framework */; };
		E45BE9830E8CC7DD009D7055 /* OpenGL.framework in Frameworks */ = {isa = PBXBuildFile; fileRef = E45BE9790E8CC7DD009D7055 /* OpenGL.framework */; };
		E45BE9840E8CC7DD009D7055 /* QuickTime.framework in Frameworks */ = {isa = PBXBuildFile; fileRef = E45BE97A0E8CC7DD009D7055 /* QuickTime.framework */; };
		E4B69E200A3A1BDC003C02F2 /* main.cpp in Sources */ = {isa = PBXBuildFile; fileRef = E4B69E1D0A3A1BDC003C02F2 /* main.cpp */; };
		E4B69E210A3A1BDC003C02F2 /* ofApp.cpp in Sources */ = {isa = PBXBuildFile; fileRef = E4B69E1E0A3A1BDC003C02F2 /* ofApp.cpp */; };
		E4C2424710CC5A17004149E2 /* AppKit.framework in Frameworks */ = {isa = PBXBuildFile; fileRef = E4C2424410CC5A17004149E2 /* AppKit.framework */; };
		E4C2424810CC5A17004149E2 /* Cocoa.framework in Frameworks */ = {isa = PBXBuildFile; fileRef = E4C2424510CC5A17004149E2 /* Cocoa.framework */; };
		E4C2424910CC5A17004149E2 /* IOKit.framework in Frameworks */ = {isa = PBXBuildFile; fileRef = E4C2424610CC5A17004149E2 /* IOKit.framework */; };
		E4EB6799138ADC1D00A09F29 /* GLUT.framework in Frameworks */ = {isa = PBXBuildFile; fileRef = BBAB23BE13894E4700AA2426 /* GLUT.framework */; };
		E7E077E515D3B63C0020DFD4 /* CoreVideo.framework in Frameworks */ = {isa = PBXBuildFile; fileRef = E7E077E415D3B63C0020DFD4 /* CoreVideo.framework */; };
		E7E077E815D3B6510020DFD4 /* QTKit.framework in Frameworks */ = {isa = PBXBuildFile; fileRef = E7E077E715D3B6510020DFD4 /* QTKit.framework */; };
		E7F985F815E0DEA3003869B5 /* Accelerate.framework in Frameworks */ = {isa = PBXBuildFile; fileRef = E7F985F515E0DE99003869B5 /* Accelerate.framework */; };
/* End PBXBuildFile section */

/* Begin PBXContainerItemProxy section */
		E4328147138ABC890047C5CB /* PBXContainerItemProxy */ = {
			isa = PBXContainerItemProxy;
			containerPortal = E4328143138ABC890047C5CB /* openFrameworksLib.xcodeproj */;
			proxyType = 2;
			remoteGlobalIDString = E4B27C1510CBEB8E00536013;
			remoteInfo = openFrameworks;
		};
		E4EEB9AB138B136A00A80321 /* PBXContainerItemProxy */ = {
			isa = PBXContainerItemProxy;
			containerPortal = E4328143138ABC890047C5CB /* openFrameworksLib.xcodeproj */;
			proxyType = 1;
			remoteGlobalIDString = E4B27C1410CBEB8E00536013;
			remoteInfo = openFrameworks;
		};
/* End PBXContainerItemProxy section */

/* Begin PBXCopyFilesBuildPhase section */
		E4C2427710CC5ABF004149E2 /* CopyFiles */ = {
			isa = PBXCopyFilesBuildPhase;
			buildActionMask = 2147483647;
			dstPath = "";
			dstSubfolderSpec = 10;
			files = (
				BBAB23CB13894F3D00AA2426 /* GLUT.framework in CopyFiles */,
			);
			runOnlyForDeploymentPostprocessing = 0;
		};
/* End PBXCopyFilesBuildPhase section */

/* Begin PBXFileReference section */
		04F77E5C73A62E2E77C78EC6 /* ofxMidiOut.cpp */ = {isa = PBXFileReference; explicitFileType = sourcecode.cpp.cpp; fileEncoding = 30; name = ofxMidiOut.cpp; path = ../../../addons/ofxMidi/src/ofxMidiOut.cpp; sourceTree = SOURCE_ROOT; };
		05F6CF127D4A621113D4A62F /* ofxMidi.h */ = {isa = PBXFileReference; explicitFileType = sourcecode.c.h; fileEncoding = 30; name = ofxMidi.h; path = ../../../addons/ofxMidi/src/ofxMidi.h; sourceTree = SOURCE_ROOT; };
		1502C03C48800273C68D9BB5 /* Tonic.h */ = {isa = PBXFileReference; explicitFileType = sourcecode.c.h; fileEncoding = 30; name = Tonic.h; path = ../../../addons/ofxTonic/src/Tonic.h; sourceTree = SOURCE_ROOT; };
		1CB151730663DA88C0A57A2A /* ofxTonic.h */ = {isa = PBXFileReference; explicitFileType = sourcecode.c.h; fileEncoding = 30; name = ofxTonic.h; path = ../../../addons/ofxTonic/src/ofxTonic.h; sourceTree = SOURCE_ROOT; };
		208298154B11456DCD0BE131 /* ofxRtMidiIn.h */ = {isa = PBXFileReference; explicitFileType = sourcecode.c.h; fileEncoding = 30; name = ofxRtMidiIn.h; path = ../../../addons/ofxMidi/src/desktop/ofxRtMidiIn.h; sourceTree = SOURCE_ROOT; };
		3DD359247F3ED1550D8BB5C9 /* ofxMidiIn.cpp */ = {isa = PBXFileReference; explicitFileType = sourcecode.cpp.cpp; fileEncoding = 30; name = ofxMidiIn.cpp; path = ../../../addons/ofxMidi/src/ofxMidiIn.cpp; sourceTree = SOURCE_ROOT; };
		4310BEFDE24FF04FEBEE8086 /* ofxBaseMidi.h */ = {isa = PBXFileReference; explicitFileType = sourcecode.c.h; fileEncoding = 30; name = ofxBaseMidi.h; path = ../../../addons/ofxMidi/src/ofxBaseMidi.h; sourceTree = SOURCE_ROOT; };
		470CF04F1D4D1B38D5AA1797 /* ofxRtMidiOut.h */ = {isa = PBXFileReference; explicitFileType = sourcecode.c.h; fileEncoding = 30; name = ofxRtMidiOut.h; path = ../../../addons/ofxMidi/src/desktop/ofxRtMidiOut.h; sourceTree = SOURCE_ROOT; };
		49F74D58E791C18D1D7F5E6F /* ofxTonicSynth.h */ = {isa = PBXFileReference; explicitFileType = sourcecode.c.h; fileEncoding = 30; name = ofxTonicSynth.h; path = ../../../addons/ofxTonic/src/ofxTonicSynth.h; sourceTree = SOURCE_ROOT; };
		4D93B72FD7946A3E4E687039 /* ofxTonicSynth.cpp */ = {isa = PBXFileReference; explicitFileType = sourcecode.cpp.cpp; fileEncoding = 30; name = ofxTonicSynth.cpp; path = ../../../addons/ofxTonic/src/ofxTonicSynth.cpp; sourceTree = SOURCE_ROOT; };
		712B183BC00EBFFB1EEA5AB8 /* ofxRtMidiOut.cpp */ = {isa = PBXFileReference; explicitFileType = sourcecode.cpp.cpp; fileEncoding = 30; name = ofxRtMidiOut.cpp; path = ../../../addons/ofxMidi/src/desktop/ofxRtMidiOut.cpp; sourceTree = SOURCE_ROOT; };
		81436E53CC4A77E326F659C3 /* ofxMidiOut.h */ = {isa = PBXFileReference; explicitFileType = sourcecode.c.h; fileEncoding = 30; name = ofxMidiOut.h; path = ../../../addons/ofxMidi/src/ofxMidiOut.h; sourceTree = SOURCE_ROOT; };
		81AC32CCCB56FAABA3E1BDE0 /* CoreMIDI.framework */ = {isa = PBXFileReference; fileEncoding = 30; lastKnownFileType = wrapper.framework; name = CoreMIDI.framework; path = /System/Library/Frameworks/CoreMIDI.framework; sourceTree = "<group>"; };
		938214A2795AA8FED29086DB /* ofxMidiConstants.h */ = {isa = PBXFileReference; explicitFileType = sourcecode.c.h; fileEncoding = 30; name = ofxMidiConstants.h; path = ../../../addons/ofxMidi/src/ofxMidiConstants.h; sourceTree = SOURCE_ROOT; };
		94B3C3C21F92F9310CA90986 /* ofxBaseMidi.cpp */ = {isa = PBXFileReference; explicitFileType = sourcecode.cpp.cpp; fileEncoding = 30; name = ofxBaseMidi.cpp; path = ../../../addons/ofxMidi/src/ofxBaseMidi.cpp; sourceTree = SOURCE_ROOT; };
		A8793707281FD436C34316A5 /* RtMidi.h */ = {isa = PBXFileReference; explicitFileType = sourcecode.c.h; fileEncoding = 30; name = RtMidi.h; path = ../../../addons/ofxMidi/libs/rtmidi/RtMidi.h; sourceTree = SOURCE_ROOT; };
		A8D33AAF18760C380046480F /* ADSR.cpp */ = {isa = PBXFileReference; fileEncoding = 4; lastKnownFileType = sourcecode.cpp.cpp; name = ADSR.cpp; path = ../../../addons/ofxTonic/src/Tonic/ADSR.cpp; sourceTree = "<group>"; };
		A8D33AB018760C380046480F /* ADSR.h */ = {isa = PBXFileReference; fileEncoding = 4; lastKnownFileType = sourcecode.c.h; name = ADSR.h; path = ../../../addons/ofxTonic/src/Tonic/ADSR.h; sourceTree = "<group>"; };
		A8D33AB118760C380046480F /* Arithmetic.cpp */ = {isa = PBXFileReference; fileEncoding = 4; lastKnownFileType = sourcecode.cpp.cpp; name = Arithmetic.cpp; path = ../../../addons/ofxTonic/src/Tonic/Arithmetic.cpp; sourceTree = "<group>"; };
		A8D33AB218760C380046480F /* Arithmetic.h */ = {isa = PBXFileReference; fileEncoding = 4; lastKnownFileType = sourcecode.c.h; name = Arithmetic.h; path = ../../../addons/ofxTonic/src/Tonic/Arithmetic.h; sourceTree = "<group>"; };
		A8D33AB318760C380046480F /* BasicDelay.cpp */ = {isa = PBXFileReference; fileEncoding = 4; lastKnownFileType = sourcecode.cpp.cpp; name = BasicDelay.cpp; path = ../../../addons/ofxTonic/src/Tonic/BasicDelay.cpp; sourceTree = "<group>"; };
		A8D33AB418760C380046480F /* BasicDelay.h */ = {isa = PBXFileReference; fileEncoding = 4; lastKnownFileType = sourcecode.c.h; name = BasicDelay.h; path = ../../../addons/ofxTonic/src/Tonic/BasicDelay.h; sourceTree = "<group>"; };
		A8D33AB518760C380046480F /* BLEPOscillator.cpp */ = {isa = PBXFileReference; fileEncoding = 4; lastKnownFileType = sourcecode.cpp.cpp; name = BLEPOscillator.cpp; path = ../../../addons/ofxTonic/src/Tonic/BLEPOscillator.cpp; sourceTree = "<group>"; };
		A8D33AB618760C380046480F /* BLEPOscillator.h */ = {isa = PBXFileReference; fileEncoding = 4; lastKnownFileType = sourcecode.c.h; name = BLEPOscillator.h; path = ../../../addons/ofxTonic/src/Tonic/BLEPOscillator.h; sourceTree = "<group>"; };
		A8D33AB718760C380046480F /* BufferFiller.cpp */ = {isa = PBXFileReference; fileEncoding = 4; lastKnownFileType = sourcecode.cpp.cpp; name = BufferFiller.cpp; path = ../../../addons/ofxTonic/src/Tonic/BufferFiller.cpp; sourceTree = "<group>"; };
		A8D33AB818760C380046480F /* BufferFiller.h */ = {isa = PBXFileReference; fileEncoding = 4; lastKnownFileType = sourcecode.c.h; name = BufferFiller.h; path = ../../../addons/ofxTonic/src/Tonic/BufferFiller.h; sourceTree = "<group>"; };
		A8D33AB918760C390046480F /* CombFilter.cpp */ = {isa = PBXFileReference; fileEncoding = 4; lastKnownFileType = sourcecode.cpp.cpp; name = CombFilter.cpp; path = ../../../addons/ofxTonic/src/Tonic/CombFilter.cpp; sourceTree = "<group>"; };
		A8D33ABA18760C390046480F /* CombFilter.h */ = {isa = PBXFileReference; fileEncoding = 4; lastKnownFileType = sourcecode.c.h; name = CombFilter.h; path = ../../../addons/ofxTonic/src/Tonic/CombFilter.h; sourceTree = "<group>"; };
		A8D33ABB18760C390046480F /* CompressorLimiter.cpp */ = {isa = PBXFileReference; fileEncoding = 4; lastKnownFileType = sourcecode.cpp.cpp; name = CompressorLimiter.cpp; path = ../../../addons/ofxTonic/src/Tonic/CompressorLimiter.cpp; sourceTree = "<group>"; };
		A8D33ABC18760C390046480F /* CompressorLimiter.h */ = {isa = PBXFileReference; fileEncoding = 4; lastKnownFileType = sourcecode.c.h; name = CompressorLimiter.h; path = ../../../addons/ofxTonic/src/Tonic/CompressorLimiter.h; sourceTree = "<group>"; };
		A8D33ABD18760C390046480F /* ControlArithmetic.cpp */ = {isa = PBXFileReference; fileEncoding = 4; lastKnownFileType = sourcecode.cpp.cpp; name = ControlArithmetic.cpp; path = ../../../addons/ofxTonic/src/Tonic/ControlArithmetic.cpp; sourceTree = "<group>"; };
		A8D33ABE18760C390046480F /* ControlArithmetic.h */ = {isa = PBXFileReference; fileEncoding = 4; lastKnownFileType = sourcecode.c.h; name = ControlArithmetic.h; path = ../../../addons/ofxTonic/src/Tonic/ControlArithmetic.h; sourceTree = "<group>"; };
		A8D33ABF18760C390046480F /* ControlChangeNotifier.cpp */ = {isa = PBXFileReference; fileEncoding = 4; lastKnownFileType = sourcecode.cpp.cpp; name = ControlChangeNotifier.cpp; path = ../../../addons/ofxTonic/src/Tonic/ControlChangeNotifier.cpp; sourceTree = "<group>"; };
		A8D33AC018760C390046480F /* ControlChangeNotifier.h */ = {isa = PBXFileReference; fileEncoding = 4; lastKnownFileType = sourcecode.c.h; name = ControlChangeNotifier.h; path = ../../../addons/ofxTonic/src/Tonic/ControlChangeNotifier.h; sourceTree = "<group>"; };
		A8D33AC118760C390046480F /* ControlComparison.cpp */ = {isa = PBXFileReference; fileEncoding = 4; lastKnownFileType = sourcecode.cpp.cpp; name = ControlComparison.cpp; path = ../../../addons/ofxTonic/src/Tonic/ControlComparison.cpp; sourceTree = "<group>"; };
		A8D33AC218760C390046480F /* ControlComparison.h */ = {isa = PBXFileReference; fileEncoding = 4; lastKnownFileType = sourcecode.c.h; name = ControlComparison.h; path = ../../../addons/ofxTonic/src/Tonic/ControlComparison.h; sourceTree = "<group>"; };
		A8D33AC318760C390046480F /* ControlConditioner.cpp */ = {isa = PBXFileReference; fileEncoding = 4; lastKnownFileType = sourcecode.cpp.cpp; name = ControlConditioner.cpp; path = ../../../addons/ofxTonic/src/Tonic/ControlConditioner.cpp; sourceTree = "<group>"; };
		A8D33AC418760C390046480F /* ControlConditioner.h */ = {isa = PBXFileReference; fileEncoding = 4; lastKnownFileType = sourcecode.c.h; name = ControlConditioner.h; path = ../../../addons/ofxTonic/src/Tonic/ControlConditioner.h; sourceTree = "<group>"; };
		A8D33AC518760C390046480F /* ControlCounter.cpp */ = {isa = PBXFileReference; fileEncoding = 4; lastKnownFileType = sourcecode.cpp.cpp; name = ControlCounter.cpp; path = ../../../addons/ofxTonic/src/Tonic/ControlCounter.cpp; sourceTree = "<group>"; };
		A8D33AC618760C390046480F /* ControlCounter.h */ = {isa = PBXFileReference; fileEncoding = 4; lastKnownFileType = sourcecode.c.h; name = ControlCounter.h; path = ../../../addons/ofxTonic/src/Tonic/ControlCounter.h; sourceTree = "<group>"; };
		A8D33AC718760C390046480F /* ControlDbToLinear.cpp */ = {isa = PBXFileReference; fileEncoding = 4; lastKnownFileType = sourcecode.cpp.cpp; name = ControlDbToLinear.cpp; path = ../../../addons/ofxTonic/src/Tonic/ControlDbToLinear.cpp; sourceTree = "<group>"; };
		A8D33AC818760C390046480F /* ControlDbToLinear.h */ = {isa = PBXFileReference; fileEncoding = 4; lastKnownFileType = sourcecode.c.h; name = ControlDbToLinear.h; path = ../../../addons/ofxTonic/src/Tonic/ControlDbToLinear.h; sourceTree = "<group>"; };
		A8D33AC918760C390046480F /* ControlDelay.cpp */ = {isa = PBXFileReference; fileEncoding = 4; lastKnownFileType = sourcecode.cpp.cpp; name = ControlDelay.cpp; path = ../../../addons/ofxTonic/src/Tonic/ControlDelay.cpp; sourceTree = "<group>"; };
		A8D33ACA18760C390046480F /* ControlDelay.h */ = {isa = PBXFileReference; fileEncoding = 4; lastKnownFileType = sourcecode.c.h; name = ControlDelay.h; path = ../../../addons/ofxTonic/src/Tonic/ControlDelay.h; sourceTree = "<group>"; };
		A8D33ACB18760C390046480F /* ControlFloor.cpp */ = {isa = PBXFileReference; fileEncoding = 4; lastKnownFileType = sourcecode.cpp.cpp; name = ControlFloor.cpp; path = ../../../addons/ofxTonic/src/Tonic/ControlFloor.cpp; sourceTree = "<group>"; };
		A8D33ACC18760C390046480F /* ControlFloor.h */ = {isa = PBXFileReference; fileEncoding = 4; lastKnownFileType = sourcecode.c.h; name = ControlFloor.h; path = ../../../addons/ofxTonic/src/Tonic/ControlFloor.h; sourceTree = "<group>"; };
		A8D33ACD18760C390046480F /* ControlGenerator.cpp */ = {isa = PBXFileReference; fileEncoding = 4; lastKnownFileType = sourcecode.cpp.cpp; name = ControlGenerator.cpp; path = ../../../addons/ofxTonic/src/Tonic/ControlGenerator.cpp; sourceTree = "<group>"; };
		A8D33ACE18760C390046480F /* ControlGenerator.h */ = {isa = PBXFileReference; fileEncoding = 4; lastKnownFileType = sourcecode.c.h; name = ControlGenerator.h; path = ../../../addons/ofxTonic/src/Tonic/ControlGenerator.h; sourceTree = "<group>"; };
		A8D33ACF18760C390046480F /* ControlMetro.cpp */ = {isa = PBXFileReference; fileEncoding = 4; lastKnownFileType = sourcecode.cpp.cpp; name = ControlMetro.cpp; path = ../../../addons/ofxTonic/src/Tonic/ControlMetro.cpp; sourceTree = "<group>"; };
		A8D33AD018760C390046480F /* ControlMetro.h */ = {isa = PBXFileReference; fileEncoding = 4; lastKnownFileType = sourcecode.c.h; name = ControlMetro.h; path = ../../../addons/ofxTonic/src/Tonic/ControlMetro.h; sourceTree = "<group>"; };
		A8D33AD118760C390046480F /* ControlMetroDivider.cpp */ = {isa = PBXFileReference; fileEncoding = 4; lastKnownFileType = sourcecode.cpp.cpp; name = ControlMetroDivider.cpp; path = ../../../addons/ofxTonic/src/Tonic/ControlMetroDivider.cpp; sourceTree = "<group>"; };
		A8D33AD218760C390046480F /* ControlMetroDivider.h */ = {isa = PBXFileReference; fileEncoding = 4; lastKnownFileType = sourcecode.c.h; name = ControlMetroDivider.h; path = ../../../addons/ofxTonic/src/Tonic/ControlMetroDivider.h; sourceTree = "<group>"; };
		A8D33AD318760C390046480F /* ControlMidiToFreq.cpp */ = {isa = PBXFileReference; fileEncoding = 4; lastKnownFileType = sourcecode.cpp.cpp; name = ControlMidiToFreq.cpp; path = ../../../addons/ofxTonic/src/Tonic/ControlMidiToFreq.cpp; sourceTree = "<group>"; };
		A8D33AD418760C390046480F /* ControlMidiToFreq.h */ = {isa = PBXFileReference; fileEncoding = 4; lastKnownFileType = sourcecode.c.h; name = ControlMidiToFreq.h; path = ../../../addons/ofxTonic/src/Tonic/ControlMidiToFreq.h; sourceTree = "<group>"; };
		A8D33AD518760C390046480F /* ControlParameter.cpp */ = {isa = PBXFileReference; fileEncoding = 4; lastKnownFileType = sourcecode.cpp.cpp; name = ControlParameter.cpp; path = ../../../addons/ofxTonic/src/Tonic/ControlParameter.cpp; sourceTree = "<group>"; };
		A8D33AD618760C390046480F /* ControlParameter.h */ = {isa = PBXFileReference; fileEncoding = 4; lastKnownFileType = sourcecode.c.h; name = ControlParameter.h; path = ../../../addons/ofxTonic/src/Tonic/ControlParameter.h; sourceTree = "<group>"; };
		A8D33AD718760C390046480F /* ControlPrinter.cpp */ = {isa = PBXFileReference; fileEncoding = 4; lastKnownFileType = sourcecode.cpp.cpp; name = ControlPrinter.cpp; path = ../../../addons/ofxTonic/src/Tonic/ControlPrinter.cpp; sourceTree = "<group>"; };
		A8D33AD818760C390046480F /* ControlPrinter.h */ = {isa = PBXFileReference; fileEncoding = 4; lastKnownFileType = sourcecode.c.h; name = ControlPrinter.h; path = ../../../addons/ofxTonic/src/Tonic/ControlPrinter.h; sourceTree = "<group>"; };
		A8D33AD918760C390046480F /* ControlPulse.cpp */ = {isa = PBXFileReference; fileEncoding = 4; lastKnownFileType = sourcecode.cpp.cpp; name = ControlPulse.cpp; path = ../../../addons/ofxTonic/src/Tonic/ControlPulse.cpp; sourceTree = "<group>"; };
		A8D33ADA18760C390046480F /* ControlPulse.h */ = {isa = PBXFileReference; fileEncoding = 4; lastKnownFileType = sourcecode.c.h; name = ControlPulse.h; path = ../../../addons/ofxTonic/src/Tonic/ControlPulse.h; sourceTree = "<group>"; };
		A8D33ADB18760C390046480F /* ControlRandom.cpp */ = {isa = PBXFileReference; fileEncoding = 4; lastKnownFileType = sourcecode.cpp.cpp; name = ControlRandom.cpp; path = ../../../addons/ofxTonic/src/Tonic/ControlRandom.cpp; sourceTree = "<group>"; };
		A8D33ADC18760C390046480F /* ControlRandom.h */ = {isa = PBXFileReference; fileEncoding = 4; lastKnownFileType = sourcecode.c.h; name = ControlRandom.h; path = ../../../addons/ofxTonic/src/Tonic/ControlRandom.h; sourceTree = "<group>"; };
		A8D33ADD18760C390046480F /* ControlRecorder.cpp */ = {isa = PBXFileReference; fileEncoding = 4; lastKnownFileType = sourcecode.cpp.cpp; name = ControlRecorder.cpp; path = ../../../addons/ofxTonic/src/Tonic/ControlRecorder.cpp; sourceTree = "<group>"; };
		A8D33ADE18760C390046480F /* ControlRecorder.h */ = {isa = PBXFileReference; fileEncoding = 4; lastKnownFileType = sourcecode.c.h; name = ControlRecorder.h; path = ../../../addons/ofxTonic/src/Tonic/ControlRecorder.h; sourceTree = "<group>"; };
		A8D33ADF18760C390046480F /* ControlSnapToScale.cpp */ = {isa = PBXFileReference; fileEncoding = 4; lastKnownFileType = sourcecode.cpp.cpp; name = ControlSnapToScale.cpp; path = ../../../addons/ofxTonic/src/Tonic/ControlSnapToScale.cpp; sourceTree = "<group>"; };
		A8D33AE018760C390046480F /* ControlSnapToScale.h */ = {isa = PBXFileReference; fileEncoding = 4; lastKnownFileType = sourcecode.c.h; name = ControlSnapToScale.h; path = ../../../addons/ofxTonic/src/Tonic/ControlSnapToScale.h; sourceTree = "<group>"; };
		A8D33AE118760C390046480F /* ControlStepper.cpp */ = {isa = PBXFileReference; fileEncoding = 4; lastKnownFileType = sourcecode.cpp.cpp; name = ControlStepper.cpp; path = ../../../addons/ofxTonic/src/Tonic/ControlStepper.cpp; sourceTree = "<group>"; };
		A8D33AE218760C390046480F /* ControlStepper.h */ = {isa = PBXFileReference; fileEncoding = 4; lastKnownFileType = sourcecode.c.h; name = ControlStepper.h; path = ../../../addons/ofxTonic/src/Tonic/ControlStepper.h; sourceTree = "<group>"; };
		A8D33AE318760C390046480F /* ControlSwitcher.cpp */ = {isa = PBXFileReference; fileEncoding = 4; lastKnownFileType = sourcecode.cpp.cpp; name = ControlSwitcher.cpp; path = ../../../addons/ofxTonic/src/Tonic/ControlSwitcher.cpp; sourceTree = "<group>"; };
		A8D33AE418760C390046480F /* ControlSwitcher.h */ = {isa = PBXFileReference; fileEncoding = 4; lastKnownFileType = sourcecode.c.h; name = ControlSwitcher.h; path = ../../../addons/ofxTonic/src/Tonic/ControlSwitcher.h; sourceTree = "<group>"; };
		A8D33AE518760C390046480F /* ControlTrigger.cpp */ = {isa = PBXFileReference; fileEncoding = 4; lastKnownFileType = sourcecode.cpp.cpp; name = ControlTrigger.cpp; path = ../../../addons/ofxTonic/src/Tonic/ControlTrigger.cpp; sourceTree = "<group>"; };
		A8D33AE618760C390046480F /* ControlTrigger.h */ = {isa = PBXFileReference; fileEncoding = 4; lastKnownFileType = sourcecode.c.h; name = ControlTrigger.h; path = ../../../addons/ofxTonic/src/Tonic/ControlTrigger.h; sourceTree = "<group>"; };
		A8D33AE718760C390046480F /* ControlTriggerFilter.cpp */ = {isa = PBXFileReference; fileEncoding = 4; lastKnownFileType = sourcecode.cpp.cpp; name = ControlTriggerFilter.cpp; path = ../../../addons/ofxTonic/src/Tonic/ControlTriggerFilter.cpp; sourceTree = "<group>"; };
		A8D33AE818760C390046480F /* ControlTriggerFilter.h */ = {isa = PBXFileReference; fileEncoding = 4; lastKnownFileType = sourcecode.c.h; name = ControlTriggerFilter.h; path = ../../../addons/ofxTonic/src/Tonic/ControlTriggerFilter.h; sourceTree = "<group>"; };
		A8D33AE918760C390046480F /* ControlValue.cpp */ = {isa = PBXFileReference; fileEncoding = 4; lastKnownFileType = sourcecode.cpp.cpp; name = ControlValue.cpp; path = ../../../addons/ofxTonic/src/Tonic/ControlValue.cpp; sourceTree = "<group>"; };
		A8D33AEA18760C390046480F /* ControlValue.h */ = {isa = PBXFileReference; fileEncoding = 4; lastKnownFileType = sourcecode.c.h; name = ControlValue.h; path = ../../../addons/ofxTonic/src/Tonic/ControlValue.h; sourceTree = "<group>"; };
		A8D33AEB18760C390046480F /* ControlXYSpeed.cpp */ = {isa = PBXFileReference; fileEncoding = 4; lastKnownFileType = sourcecode.cpp.cpp; name = ControlXYSpeed.cpp; path = ../../../addons/ofxTonic/src/Tonic/ControlXYSpeed.cpp; sourceTree = "<group>"; };
		A8D33AEC18760C390046480F /* ControlXYSpeed.h */ = {isa = PBXFileReference; fileEncoding = 4; lastKnownFileType = sourcecode.c.h; name = ControlXYSpeed.h; path = ../../../addons/ofxTonic/src/Tonic/ControlXYSpeed.h; sourceTree = "<group>"; };
		A8D33AED18760C390046480F /* DelayUtils.cpp */ = {isa = PBXFileReference; fileEncoding = 4; lastKnownFileType = sourcecode.cpp.cpp; name = DelayUtils.cpp; path = ../../../addons/ofxTonic/src/Tonic/DelayUtils.cpp; sourceTree = "<group>"; };
		A8D33AEE18760C390046480F /* DelayUtils.h */ = {isa = PBXFileReference; fileEncoding = 4; lastKnownFileType = sourcecode.c.h; name = DelayUtils.h; path = ../../../addons/ofxTonic/src/Tonic/DelayUtils.h; sourceTree = "<group>"; };
		A8D33AEF18760C390046480F /* DSPUtils.cpp */ = {isa = PBXFileReference; fileEncoding = 4; lastKnownFileType = sourcecode.cpp.cpp; name = DSPUtils.cpp; path = ../../../addons/ofxTonic/src/Tonic/DSPUtils.cpp; sourceTree = "<group>"; };
		A8D33AF018760C390046480F /* DSPUtils.h */ = {isa = PBXFileReference; fileEncoding = 4; lastKnownFileType = sourcecode.c.h; name = DSPUtils.h; path = ../../../addons/ofxTonic/src/Tonic/DSPUtils.h; sourceTree = "<group>"; };
		A8D33AF118760C390046480F /* Effect.cpp */ = {isa = PBXFileReference; fileEncoding = 4; lastKnownFileType = sourcecode.cpp.cpp; name = Effect.cpp; path = ../../../addons/ofxTonic/src/Tonic/Effect.cpp; sourceTree = "<group>"; };
		A8D33AF218760C390046480F /* Effect.h */ = {isa = PBXFileReference; fileEncoding = 4; lastKnownFileType = sourcecode.c.h; name = Effect.h; path = ../../../addons/ofxTonic/src/Tonic/Effect.h; sourceTree = "<group>"; };
		A8D33AF318760C390046480F /* Filters.cpp */ = {isa = PBXFileReference; fileEncoding = 4; lastKnownFileType = sourcecode.cpp.cpp; name = Filters.cpp; path = ../../../addons/ofxTonic/src/Tonic/Filters.cpp; sourceTree = "<group>"; };
		A8D33AF418760C390046480F /* Filters.h */ = {isa = PBXFileReference; fileEncoding = 4; lastKnownFileType = sourcecode.c.h; name = Filters.h; path = ../../../addons/ofxTonic/src/Tonic/Filters.h; sourceTree = "<group>"; };
		A8D33AF518760C390046480F /* FilterUtils.cpp */ = {isa = PBXFileReference; fileEncoding = 4; lastKnownFileType = sourcecode.cpp.cpp; name = FilterUtils.cpp; path = ../../../addons/ofxTonic/src/Tonic/FilterUtils.cpp; sourceTree = "<group>"; };
		A8D33AF618760C390046480F /* FilterUtils.h */ = {isa = PBXFileReference; fileEncoding = 4; lastKnownFileType = sourcecode.c.h; name = FilterUtils.h; path = ../../../addons/ofxTonic/src/Tonic/FilterUtils.h; sourceTree = "<group>"; };
		A8D33AF718760C390046480F /* FixedValue.cpp */ = {isa = PBXFileReference; fileEncoding = 4; lastKnownFileType = sourcecode.cpp.cpp; name = FixedValue.cpp; path = ../../../addons/ofxTonic/src/Tonic/FixedValue.cpp; sourceTree = "<group>"; };
		A8D33AF818760C390046480F /* FixedValue.h */ = {isa = PBXFileReference; fileEncoding = 4; lastKnownFileType = sourcecode.c.h; name = FixedValue.h; path = ../../../addons/ofxTonic/src/Tonic/FixedValue.h; sourceTree = "<group>"; };
		A8D33AF918760C390046480F /* Generator.cpp */ = {isa = PBXFileReference; fileEncoding = 4; lastKnownFileType = sourcecode.cpp.cpp; name = Generator.cpp; path = ../../../addons/ofxTonic/src/Tonic/Generator.cpp; sourceTree = "<group>"; };
		A8D33AFA18760C390046480F /* Generator.h */ = {isa = PBXFileReference; fileEncoding = 4; lastKnownFileType = sourcecode.c.h; name = Generator.h; path = ../../../addons/ofxTonic/src/Tonic/Generator.h; sourceTree = "<group>"; };
		A8D33AFB18760C390046480F /* LFNoise.cpp */ = {isa = PBXFileReference; fileEncoding = 4; lastKnownFileType = sourcecode.cpp.cpp; name = LFNoise.cpp; path = ../../../addons/ofxTonic/src/Tonic/LFNoise.cpp; sourceTree = "<group>"; };
		A8D33AFC18760C390046480F /* LFNoise.h */ = {isa = PBXFileReference; fileEncoding = 4; lastKnownFileType = sourcecode.c.h; name = LFNoise.h; path = ../../../addons/ofxTonic/src/Tonic/LFNoise.h; sourceTree = "<group>"; };
		A8D33AFD18760C390046480F /* Mixer.cpp */ = {isa = PBXFileReference; fileEncoding = 4; lastKnownFileType = sourcecode.cpp.cpp; name = Mixer.cpp; path = ../../../addons/ofxTonic/src/Tonic/Mixer.cpp; sourceTree = "<group>"; };
		A8D33AFE18760C390046480F /* Mixer.h */ = {isa = PBXFileReference; fileEncoding = 4; lastKnownFileType = sourcecode.c.h; name = Mixer.h; path = ../../../addons/ofxTonic/src/Tonic/Mixer.h; sourceTree = "<group>"; };
		A8D33AFF18760C390046480F /* MonoToStereoPanner.cpp */ = {isa = PBXFileReference; fileEncoding = 4; lastKnownFileType = sourcecode.cpp.cpp; name = MonoToStereoPanner.cpp; path = ../../../addons/ofxTonic/src/Tonic/MonoToStereoPanner.cpp; sourceTree = "<group>"; };
		A8D33B0018760C390046480F /* MonoToStereoPanner.h */ = {isa = PBXFileReference; fileEncoding = 4; lastKnownFileType = sourcecode.c.h; name = MonoToStereoPanner.h; path = ../../../addons/ofxTonic/src/Tonic/MonoToStereoPanner.h; sourceTree = "<group>"; };
		A8D33B0118760C390046480F /* Noise.cpp */ = {isa = PBXFileReference; fileEncoding = 4; lastKnownFileType = sourcecode.cpp.cpp; name = Noise.cpp; path = ../../../addons/ofxTonic/src/Tonic/Noise.cpp; sourceTree = "<group>"; };
		A8D33B0218760C390046480F /* Noise.h */ = {isa = PBXFileReference; fileEncoding = 4; lastKnownFileType = sourcecode.c.h; name = Noise.h; path = ../../../addons/ofxTonic/src/Tonic/Noise.h; sourceTree = "<group>"; };
		A8D33B0318760C390046480F /* RampedValue.cpp */ = {isa = PBXFileReference; fileEncoding = 4; lastKnownFileType = sourcecode.cpp.cpp; name = RampedValue.cpp; path = ../../../addons/ofxTonic/src/Tonic/RampedValue.cpp; sourceTree = "<group>"; };
		A8D33B0418760C390046480F /* RampedValue.h */ = {isa = PBXFileReference; fileEncoding = 4; lastKnownFileType = sourcecode.c.h; name = RampedValue.h; path = ../../../addons/ofxTonic/src/Tonic/RampedValue.h; sourceTree = "<group>"; };
		A8D33B0518760C390046480F /* RectWave.cpp */ = {isa = PBXFileReference; fileEncoding = 4; lastKnownFileType = sourcecode.cpp.cpp; name = RectWave.cpp; path = ../../../addons/ofxTonic/src/Tonic/RectWave.cpp; sourceTree = "<group>"; };
		A8D33B0618760C390046480F /* RectWave.h */ = {isa = PBXFileReference; fileEncoding = 4; lastKnownFileType = sourcecode.c.h; name = RectWave.h; path = ../../../addons/ofxTonic/src/Tonic/RectWave.h; sourceTree = "<group>"; };
		A8D33B0718760C390046480F /* Reverb.cpp */ = {isa = PBXFileReference; fileEncoding = 4; lastKnownFileType = sourcecode.cpp.cpp; name = Reverb.cpp; path = ../../../addons/ofxTonic/src/Tonic/Reverb.cpp; sourceTree = "<group>"; };
		A8D33B0818760C390046480F /* Reverb.h */ = {isa = PBXFileReference; fileEncoding = 4; lastKnownFileType = sourcecode.c.h; name = Reverb.h; path = ../../../addons/ofxTonic/src/Tonic/Reverb.h; sourceTree = "<group>"; };
		A8D33B0918760C390046480F /* RingBuffer.cpp */ = {isa = PBXFileReference; fileEncoding = 4; lastKnownFileType = sourcecode.cpp.cpp; name = RingBuffer.cpp; path = ../../../addons/ofxTonic/src/Tonic/RingBuffer.cpp; sourceTree = "<group>"; };
		A8D33B0A18760C390046480F /* RingBuffer.h */ = {isa = PBXFileReference; fileEncoding = 4; lastKnownFileType = sourcecode.c.h; name = RingBuffer.h; path = ../../../addons/ofxTonic/src/Tonic/RingBuffer.h; sourceTree = "<group>"; };
		A8D33B0B18760C390046480F /* SampleTable.cpp */ = {isa = PBXFileReference; fileEncoding = 4; lastKnownFileType = sourcecode.cpp.cpp; name = SampleTable.cpp; path = ../../../addons/ofxTonic/src/Tonic/SampleTable.cpp; sourceTree = "<group>"; };
		A8D33B0C18760C390046480F /* SampleTable.h */ = {isa = PBXFileReference; fileEncoding = 4; lastKnownFileType = sourcecode.c.h; name = SampleTable.h; path = ../../../addons/ofxTonic/src/Tonic/SampleTable.h; sourceTree = "<group>"; };
		A8D33B0D18760C390046480F /* SawtoothWave.cpp */ = {isa = PBXFileReference; fileEncoding = 4; lastKnownFileType = sourcecode.cpp.cpp; name = SawtoothWave.cpp; path = ../../../addons/ofxTonic/src/Tonic/SawtoothWave.cpp; sourceTree = "<group>"; };
		A8D33B0E18760C390046480F /* SawtoothWave.h */ = {isa = PBXFileReference; fileEncoding = 4; lastKnownFileType = sourcecode.c.h; name = SawtoothWave.h; path = ../../../addons/ofxTonic/src/Tonic/SawtoothWave.h; sourceTree = "<group>"; };
		A8D33B0F18760C390046480F /* SineWave.cpp */ = {isa = PBXFileReference; fileEncoding = 4; lastKnownFileType = sourcecode.cpp.cpp; name = SineWave.cpp; path = ../../../addons/ofxTonic/src/Tonic/SineWave.cpp; sourceTree = "<group>"; };
		A8D33B1018760C390046480F /* SineWave.h */ = {isa = PBXFileReference; fileEncoding = 4; lastKnownFileType = sourcecode.c.h; name = SineWave.h; path = ../../../addons/ofxTonic/src/Tonic/SineWave.h; sourceTree = "<group>"; };
		A8D33B1118760C390046480F /* SquareWave.h */ = {isa = PBXFileReference; fileEncoding = 4; lastKnownFileType = sourcecode.c.h; name = SquareWave.h; path = ../../../addons/ofxTonic/src/Tonic/SquareWave.h; sourceTree = "<group>"; };
		A8D33B1218760C390046480F /* StereoDelay.cpp */ = {isa = PBXFileReference; fileEncoding = 4; lastKnownFileType = sourcecode.cpp.cpp; name = StereoDelay.cpp; path = ../../../addons/ofxTonic/src/Tonic/StereoDelay.cpp; sourceTree = "<group>"; };
		A8D33B1318760C390046480F /* StereoDelay.h */ = {isa = PBXFileReference; fileEncoding = 4; lastKnownFileType = sourcecode.c.h; name = StereoDelay.h; path = ../../../addons/ofxTonic/src/Tonic/StereoDelay.h; sourceTree = "<group>"; };
		A8D33B1418760C390046480F /* Synth.cpp */ = {isa = PBXFileReference; fileEncoding = 4; lastKnownFileType = sourcecode.cpp.cpp; name = Synth.cpp; path = ../../../addons/ofxTonic/src/Tonic/Synth.cpp; sourceTree = "<group>"; };
		A8D33B1518760C390046480F /* Synth.h */ = {isa = PBXFileReference; fileEncoding = 4; lastKnownFileType = sourcecode.c.h; name = Synth.h; path = ../../../addons/ofxTonic/src/Tonic/Synth.h; sourceTree = "<group>"; };
		A8D33B1618760C390046480F /* TableLookupOsc.cpp */ = {isa = PBXFileReference; fileEncoding = 4; lastKnownFileType = sourcecode.cpp.cpp; name = TableLookupOsc.cpp; path = ../../../addons/ofxTonic/src/Tonic/TableLookupOsc.cpp; sourceTree = "<group>"; };
		A8D33B1718760C390046480F /* TableLookupOsc.h */ = {isa = PBXFileReference; fileEncoding = 4; lastKnownFileType = sourcecode.c.h; name = TableLookupOsc.h; path = ../../../addons/ofxTonic/src/Tonic/TableLookupOsc.h; sourceTree = "<group>"; };
		A8D33B1818760C390046480F /* TonicCore.h */ = {isa = PBXFileReference; fileEncoding = 4; lastKnownFileType = sourcecode.c.h; name = TonicCore.h; path = ../../../addons/ofxTonic/src/Tonic/TonicCore.h; sourceTree = "<group>"; };
		A8D33B1918760C390046480F /* TonicFrames.cpp */ = {isa = PBXFileReference; fileEncoding = 4; lastKnownFileType = sourcecode.cpp.cpp; name = TonicFrames.cpp; path = ../../../addons/ofxTonic/src/Tonic/TonicFrames.cpp; sourceTree = "<group>"; };
		A8D33B1A18760C390046480F /* TonicFrames.h */ = {isa = PBXFileReference; fileEncoding = 4; lastKnownFileType = sourcecode.c.h; name = TonicFrames.h; path = ../../../addons/ofxTonic/src/Tonic/TonicFrames.h; sourceTree = "<group>"; };
		A8D33B1B18760C390046480F /* TriangleWave.h */ = {isa = PBXFileReference; fileEncoding = 4; lastKnownFileType = sourcecode.c.h; name = TriangleWave.h; path = ../../../addons/ofxTonic/src/Tonic/TriangleWave.h; sourceTree = "<group>"; };
		ABDEF0ACF05BF28F5C74E008 /* RtMidi.cpp */ = {isa = PBXFileReference; explicitFileType = sourcecode.cpp.cpp; fileEncoding = 30; name = RtMidi.cpp; path = ../../../addons/ofxMidi/libs/rtmidi/RtMidi.cpp; sourceTree = SOURCE_ROOT; };
		B76FA489151DBAF1616DF378 /* ofxMidiIn.h */ = {isa = PBXFileReference; explicitFileType = sourcecode.c.h; fileEncoding = 30; name = ofxMidiIn.h; path = ../../../addons/ofxMidi/src/ofxMidiIn.h; sourceTree = SOURCE_ROOT; };
		BBAB23BE13894E4700AA2426 /* GLUT.framework */ = {isa = PBXFileReference; lastKnownFileType = wrapper.framework; name = GLUT.framework; path = ../../../libs/glut/lib/osx/GLUT.framework; sourceTree = "<group>"; };
		BD0E7AC8BE205034D5B377A6 /* ofxMidiMessage.h */ = {isa = PBXFileReference; explicitFileType = sourcecode.c.h; fileEncoding = 30; name = ofxMidiMessage.h; path = ../../../addons/ofxMidi/src/ofxMidiMessage.h; sourceTree = SOURCE_ROOT; };
		C0E7EDA67EDF213FC0E83D17 /* ofxMidiMessage.cpp */ = {isa = PBXFileReference; explicitFileType = sourcecode.cpp.cpp; fileEncoding = 30; name = ofxMidiMessage.cpp; path = ../../../addons/ofxMidi/src/ofxMidiMessage.cpp; sourceTree = SOURCE_ROOT; };
		D4C6BABF31054A0321B64742 /* RtError.h */ = {isa = PBXFileReference; explicitFileType = sourcecode.c.h; fileEncoding = 30; name = RtError.h; path = ../../../addons/ofxMidi/libs/rtmidi/RtError.h; sourceTree = SOURCE_ROOT; };
		E16BB73D19DD0713FDCC7986 /* ofxMidiTypes.h */ = {isa = PBXFileReference; explicitFileType = sourcecode.c.h; fileEncoding = 30; name = ofxMidiTypes.h; path = ../../../addons/ofxMidi/src/ofxMidiTypes.h; sourceTree = SOURCE_ROOT; };
		E238CCDE032640E0FEBFAD82 /* ofxMidi.cpp */ = {isa = PBXFileReference; explicitFileType = sourcecode.cpp.cpp; fileEncoding = 30; name = ofxMidi.cpp; path = ../../../addons/ofxMidi/src/ofxMidi.cpp; sourceTree = SOURCE_ROOT; };
		E4328143138ABC890047C5CB /* openFrameworksLib.xcodeproj */ = {isa = PBXFileReference; lastKnownFileType = "wrapper.pb-project"; name = openFrameworksLib.xcodeproj; path = ../../../libs/openFrameworksCompiled/project/osx/openFrameworksLib.xcodeproj; sourceTree = SOURCE_ROOT; };
		E45BE9710E8CC7DD009D7055 /* AGL.framework */ = {isa = PBXFileReference; lastKnownFileType = wrapper.framework; name = AGL.framework; path = /System/Library/Frameworks/AGL.framework; sourceTree = "<absolute>"; };
		E45BE9720E8CC7DD009D7055 /* ApplicationServices.framework */ = {isa = PBXFileReference; lastKnownFileType = wrapper.framework; name = ApplicationServices.framework; path = /System/Library/Frameworks/ApplicationServices.framework; sourceTree = "<absolute>"; };
		E45BE9730E8CC7DD009D7055 /* AudioToolbox.framework */ = {isa = PBXFileReference; lastKnownFileType = wrapper.framework; name = AudioToolbox.framework; path = /System/Library/Frameworks/AudioToolbox.framework; sourceTree = "<absolute>"; };
		E45BE9740E8CC7DD009D7055 /* Carbon.framework */ = {isa = PBXFileReference; lastKnownFileType = wrapper.framework; name = Carbon.framework; path = /System/Library/Frameworks/Carbon.framework; sourceTree = "<absolute>"; };
		E45BE9750E8CC7DD009D7055 /* CoreAudio.framework */ = {isa = PBXFileReference; lastKnownFileType = wrapper.framework; name = CoreAudio.framework; path = /System/Library/Frameworks/CoreAudio.framework; sourceTree = "<absolute>"; };
		E45BE9760E8CC7DD009D7055 /* CoreFoundation.framework */ = {isa = PBXFileReference; lastKnownFileType = wrapper.framework; name = CoreFoundation.framework; path = /System/Library/Frameworks/CoreFoundation.framework; sourceTree = "<absolute>"; };
		E45BE9770E8CC7DD009D7055 /* CoreServices.framework */ = {isa = PBXFileReference; lastKnownFileType = wrapper.framework; name = CoreServices.framework; path = /System/Library/Frameworks/CoreServices.framework; sourceTree = "<absolute>"; };
		E45BE9790E8CC7DD009D7055 /* OpenGL.framework */ = {isa = PBXFileReference; lastKnownFileType = wrapper.framework; name = OpenGL.framework; path = /System/Library/Frameworks/OpenGL.framework; sourceTree = "<absolute>"; };
		E45BE97A0E8CC7DD009D7055 /* QuickTime.framework */ = {isa = PBXFileReference; lastKnownFileType = wrapper.framework; name = QuickTime.framework; path = /System/Library/Frameworks/QuickTime.framework; sourceTree = "<absolute>"; };
		E4B69B5B0A3A1756003C02F2 /* firstNightTonicDebug.app */ = {isa = PBXFileReference; explicitFileType = wrapper.application; includeInIndex = 0; path = firstNightTonicDebug.app; sourceTree = BUILT_PRODUCTS_DIR; };
		E4B69E1D0A3A1BDC003C02F2 /* main.cpp */ = {isa = PBXFileReference; fileEncoding = 30; lastKnownFileType = sourcecode.cpp.cpp; name = main.cpp; path = src/main.cpp; sourceTree = SOURCE_ROOT; };
		E4B69E1E0A3A1BDC003C02F2 /* ofApp.cpp */ = {isa = PBXFileReference; explicitFileType = sourcecode.cpp.cpp; fileEncoding = 30; name = ofApp.cpp; path = src/ofApp.cpp; sourceTree = SOURCE_ROOT; };
		E4B69E1F0A3A1BDC003C02F2 /* ofApp.h */ = {isa = PBXFileReference; fileEncoding = 30; lastKnownFileType = sourcecode.c.h; name = ofApp.h; path = src/ofApp.h; sourceTree = SOURCE_ROOT; };
		E4B6FCAD0C3E899E008CF71C /* openFrameworks-Info.plist */ = {isa = PBXFileReference; fileEncoding = 30; lastKnownFileType = text.plist.xml; path = "openFrameworks-Info.plist"; sourceTree = "<group>"; };
		E4C2424410CC5A17004149E2 /* AppKit.framework */ = {isa = PBXFileReference; lastKnownFileType = wrapper.framework; name = AppKit.framework; path = /System/Library/Frameworks/AppKit.framework; sourceTree = "<absolute>"; };
		E4C2424510CC5A17004149E2 /* Cocoa.framework */ = {isa = PBXFileReference; lastKnownFileType = wrapper.framework; name = Cocoa.framework; path = /System/Library/Frameworks/Cocoa.framework; sourceTree = "<absolute>"; };
		E4C2424610CC5A17004149E2 /* IOKit.framework */ = {isa = PBXFileReference; lastKnownFileType = wrapper.framework; name = IOKit.framework; path = /System/Library/Frameworks/IOKit.framework; sourceTree = "<absolute>"; };
		E4EB691F138AFCF100A09F29 /* CoreOF.xcconfig */ = {isa = PBXFileReference; fileEncoding = 4; lastKnownFileType = text.xcconfig; name = CoreOF.xcconfig; path = ../../../libs/openFrameworksCompiled/project/osx/CoreOF.xcconfig; sourceTree = SOURCE_ROOT; };
		E4EB6923138AFD0F00A09F29 /* Project.xcconfig */ = {isa = PBXFileReference; fileEncoding = 4; lastKnownFileType = text.xcconfig; path = Project.xcconfig; sourceTree = "<group>"; };
		E7E077E415D3B63C0020DFD4 /* CoreVideo.framework */ = {isa = PBXFileReference; lastKnownFileType = wrapper.framework; name = CoreVideo.framework; path = /System/Library/Frameworks/CoreVideo.framework; sourceTree = "<absolute>"; };
		E7E077E715D3B6510020DFD4 /* QTKit.framework */ = {isa = PBXFileReference; lastKnownFileType = wrapper.framework; name = QTKit.framework; path = /System/Library/Frameworks/QTKit.framework; sourceTree = "<absolute>"; };
		E7F985F515E0DE99003869B5 /* Accelerate.framework */ = {isa = PBXFileReference; lastKnownFileType = wrapper.framework; name = Accelerate.framework; path = /System/Library/Frameworks/Accelerate.framework; sourceTree = "<absolute>"; };
		F634AA6CA2E3C60F3B87B59A /* ofxRtMidiIn.cpp */ = {isa = PBXFileReference; explicitFileType = sourcecode.cpp.cpp; fileEncoding = 30; name = ofxRtMidiIn.cpp; path = ../../../addons/ofxMidi/src/desktop/ofxRtMidiIn.cpp; sourceTree = SOURCE_ROOT; };
/* End PBXFileReference section */

/* Begin PBXFrameworksBuildPhase section */
		E4B69B590A3A1756003C02F2 /* Frameworks */ = {
			isa = PBXFrameworksBuildPhase;
			buildActionMask = 2147483647;
			files = (
				E7F985F815E0DEA3003869B5 /* Accelerate.framework in Frameworks */,
				E7E077E815D3B6510020DFD4 /* QTKit.framework in Frameworks */,
				E4EB6799138ADC1D00A09F29 /* GLUT.framework in Frameworks */,
				E4328149138ABC9F0047C5CB /* openFrameworksDebug.a in Frameworks */,
				E45BE97B0E8CC7DD009D7055 /* AGL.framework in Frameworks */,
				E45BE97C0E8CC7DD009D7055 /* ApplicationServices.framework in Frameworks */,
				E45BE97D0E8CC7DD009D7055 /* AudioToolbox.framework in Frameworks */,
				E45BE97E0E8CC7DD009D7055 /* Carbon.framework in Frameworks */,
				E45BE97F0E8CC7DD009D7055 /* CoreAudio.framework in Frameworks */,
				E45BE9800E8CC7DD009D7055 /* CoreFoundation.framework in Frameworks */,
				E45BE9810E8CC7DD009D7055 /* CoreServices.framework in Frameworks */,
				E45BE9830E8CC7DD009D7055 /* OpenGL.framework in Frameworks */,
				E45BE9840E8CC7DD009D7055 /* QuickTime.framework in Frameworks */,
				E4C2424710CC5A17004149E2 /* AppKit.framework in Frameworks */,
				E4C2424810CC5A17004149E2 /* Cocoa.framework in Frameworks */,
				E4C2424910CC5A17004149E2 /* IOKit.framework in Frameworks */,
				E7E077E515D3B63C0020DFD4 /* CoreVideo.framework in Frameworks */,
			);
			runOnlyForDeploymentPostprocessing = 0;
		};
/* End PBXFrameworksBuildPhase section */

/* Begin PBXGroup section */
		0E79F97A89352266EDC34BFD /* Tonic */ = {
			isa = PBXGroup;
			children = (
				A8D33AAF18760C380046480F /* ADSR.cpp */,
				A8D33AB018760C380046480F /* ADSR.h */,
				A8D33AB118760C380046480F /* Arithmetic.cpp */,
				A8D33AB218760C380046480F /* Arithmetic.h */,
				A8D33AB318760C380046480F /* BasicDelay.cpp */,
				A8D33AB418760C380046480F /* BasicDelay.h */,
				A8D33AB518760C380046480F /* BLEPOscillator.cpp */,
				A8D33AB618760C380046480F /* BLEPOscillator.h */,
				A8D33AB718760C380046480F /* BufferFiller.cpp */,
				A8D33AB818760C380046480F /* BufferFiller.h */,
				A8D33AB918760C390046480F /* CombFilter.cpp */,
				A8D33ABA18760C390046480F /* CombFilter.h */,
				A8D33ABB18760C390046480F /* CompressorLimiter.cpp */,
				A8D33ABC18760C390046480F /* CompressorLimiter.h */,
				A8D33ABD18760C390046480F /* ControlArithmetic.cpp */,
				A8D33ABE18760C390046480F /* ControlArithmetic.h */,
				A8D33ABF18760C390046480F /* ControlChangeNotifier.cpp */,
				A8D33AC018760C390046480F /* ControlChangeNotifier.h */,
				A8D33AC118760C390046480F /* ControlComparison.cpp */,
				A8D33AC218760C390046480F /* ControlComparison.h */,
				A8D33AC318760C390046480F /* ControlConditioner.cpp */,
				A8D33AC418760C390046480F /* ControlConditioner.h */,
				A8D33AC518760C390046480F /* ControlCounter.cpp */,
				A8D33AC618760C390046480F /* ControlCounter.h */,
				A8D33AC718760C390046480F /* ControlDbToLinear.cpp */,
				A8D33AC818760C390046480F /* ControlDbToLinear.h */,
				A8D33AC918760C390046480F /* ControlDelay.cpp */,
				A8D33ACA18760C390046480F /* ControlDelay.h */,
				A8D33ACB18760C390046480F /* ControlFloor.cpp */,
				A8D33ACC18760C390046480F /* ControlFloor.h */,
				A8D33ACD18760C390046480F /* ControlGenerator.cpp */,
				A8D33ACE18760C390046480F /* ControlGenerator.h */,
				A8D33ACF18760C390046480F /* ControlMetro.cpp */,
				A8D33AD018760C390046480F /* ControlMetro.h */,
				A8D33AD118760C390046480F /* ControlMetroDivider.cpp */,
				A8D33AD218760C390046480F /* ControlMetroDivider.h */,
				A8D33AD318760C390046480F /* ControlMidiToFreq.cpp */,
				A8D33AD418760C390046480F /* ControlMidiToFreq.h */,
				A8D33AD518760C390046480F /* ControlParameter.cpp */,
				A8D33AD618760C390046480F /* ControlParameter.h */,
				A8D33AD718760C390046480F /* ControlPrinter.cpp */,
				A8D33AD818760C390046480F /* ControlPrinter.h */,
				A8D33AD918760C390046480F /* ControlPulse.cpp */,
				A8D33ADA18760C390046480F /* ControlPulse.h */,
				A8D33ADB18760C390046480F /* ControlRandom.cpp */,
				A8D33ADC18760C390046480F /* ControlRandom.h */,
				A8D33ADD18760C390046480F /* ControlRecorder.cpp */,
				A8D33ADE18760C390046480F /* ControlRecorder.h */,
				A8D33ADF18760C390046480F /* ControlSnapToScale.cpp */,
				A8D33AE018760C390046480F /* ControlSnapToScale.h */,
				A8D33AE118760C390046480F /* ControlStepper.cpp */,
				A8D33AE218760C390046480F /* ControlStepper.h */,
				A8D33AE318760C390046480F /* ControlSwitcher.cpp */,
				A8D33AE418760C390046480F /* ControlSwitcher.h */,
				A8D33AE518760C390046480F /* ControlTrigger.cpp */,
				A8D33AE618760C390046480F /* ControlTrigger.h */,
				A8D33AE718760C390046480F /* ControlTriggerFilter.cpp */,
				A8D33AE818760C390046480F /* ControlTriggerFilter.h */,
				A8D33AE918760C390046480F /* ControlValue.cpp */,
				A8D33AEA18760C390046480F /* ControlValue.h */,
				A8D33AEB18760C390046480F /* ControlXYSpeed.cpp */,
				A8D33AEC18760C390046480F /* ControlXYSpeed.h */,
				A8D33AED18760C390046480F /* DelayUtils.cpp */,
				A8D33AEE18760C390046480F /* DelayUtils.h */,
				A8D33AEF18760C390046480F /* DSPUtils.cpp */,
				A8D33AF018760C390046480F /* DSPUtils.h */,
				A8D33AF118760C390046480F /* Effect.cpp */,
				A8D33AF218760C390046480F /* Effect.h */,
				A8D33AF318760C390046480F /* Filters.cpp */,
				A8D33AF418760C390046480F /* Filters.h */,
				A8D33AF518760C390046480F /* FilterUtils.cpp */,
				A8D33AF618760C390046480F /* FilterUtils.h */,
				A8D33AF718760C390046480F /* FixedValue.cpp */,
				A8D33AF818760C390046480F /* FixedValue.h */,
				A8D33AF918760C390046480F /* Generator.cpp */,
				A8D33AFA18760C390046480F /* Generator.h */,
				A8D33AFB18760C390046480F /* LFNoise.cpp */,
				A8D33AFC18760C390046480F /* LFNoise.h */,
				A8D33AFD18760C390046480F /* Mixer.cpp */,
				A8D33AFE18760C390046480F /* Mixer.h */,
				A8D33AFF18760C390046480F /* MonoToStereoPanner.cpp */,
				A8D33B0018760C390046480F /* MonoToStereoPanner.h */,
				A8D33B0118760C390046480F /* Noise.cpp */,
				A8D33B0218760C390046480F /* Noise.h */,
				A8D33B0318760C390046480F /* RampedValue.cpp */,
				A8D33B0418760C390046480F /* RampedValue.h */,
				A8D33B0518760C390046480F /* RectWave.cpp */,
				A8D33B0618760C390046480F /* RectWave.h */,
				A8D33B0718760C390046480F /* Reverb.cpp */,
				A8D33B0818760C390046480F /* Reverb.h */,
				A8D33B0918760C390046480F /* RingBuffer.cpp */,
				A8D33B0A18760C390046480F /* RingBuffer.h */,
				A8D33B0B18760C390046480F /* SampleTable.cpp */,
				A8D33B0C18760C390046480F /* SampleTable.h */,
				A8D33B0D18760C390046480F /* SawtoothWave.cpp */,
				A8D33B0E18760C390046480F /* SawtoothWave.h */,
				A8D33B0F18760C390046480F /* SineWave.cpp */,
				A8D33B1018760C390046480F /* SineWave.h */,
				A8D33B1118760C390046480F /* SquareWave.h */,
				A8D33B1218760C390046480F /* StereoDelay.cpp */,
				A8D33B1318760C390046480F /* StereoDelay.h */,
				A8D33B1418760C390046480F /* Synth.cpp */,
				A8D33B1518760C390046480F /* Synth.h */,
				A8D33B1618760C390046480F /* TableLookupOsc.cpp */,
				A8D33B1718760C390046480F /* TableLookupOsc.h */,
				A8D33B1818760C390046480F /* TonicCore.h */,
				A8D33B1918760C390046480F /* TonicFrames.cpp */,
				A8D33B1A18760C390046480F /* TonicFrames.h */,
				A8D33B1B18760C390046480F /* TriangleWave.h */,
			);
			name = Tonic;
			sourceTree = "<group>";
		};
		2413C01760B1811BED0F502D /* ofxMidi */ = {
			isa = PBXGroup;
			children = (
				9CBF51184BE294FD9D73043F /* src */,
				5A08CCDC8D19E7162DE57128 /* libs */,
			);
			name = ofxMidi;
			sourceTree = "<group>";
		};
		3659747FA7D45BE871634DFA /* src */ = {
			isa = PBXGroup;
			children = (
				1CB151730663DA88C0A57A2A /* ofxTonic.h */,
				4D93B72FD7946A3E4E687039 /* ofxTonicSynth.cpp */,
				49F74D58E791C18D1D7F5E6F /* ofxTonicSynth.h */,
				0E79F97A89352266EDC34BFD /* Tonic */,
				1502C03C48800273C68D9BB5 /* Tonic.h */,
			);
			name = src;
			sourceTree = "<group>";
		};
		5A08CCDC8D19E7162DE57128 /* libs */ = {
			isa = PBXGroup;
			children = (
				945CEFADFB0DF400A92A507C /* rtmidi */,
			);
			name = libs;
			sourceTree = "<group>";
		};
		76271A12053DA157D2DB4F78 /* ofxTonic */ = {
			isa = PBXGroup;
			children = (
				3659747FA7D45BE871634DFA /* src */,
			);
			name = ofxTonic;
			sourceTree = "<group>";
		};
		945CEFADFB0DF400A92A507C /* rtmidi */ = {
			isa = PBXGroup;
			children = (
				D4C6BABF31054A0321B64742 /* RtError.h */,
				ABDEF0ACF05BF28F5C74E008 /* RtMidi.cpp */,
				A8793707281FD436C34316A5 /* RtMidi.h */,
			);
			name = rtmidi;
			sourceTree = "<group>";
		};
		99DED6A5D3EDE030B1A80348 /* desktop */ = {
			isa = PBXGroup;
			children = (
				F634AA6CA2E3C60F3B87B59A /* ofxRtMidiIn.cpp */,
				208298154B11456DCD0BE131 /* ofxRtMidiIn.h */,
				712B183BC00EBFFB1EEA5AB8 /* ofxRtMidiOut.cpp */,
				470CF04F1D4D1B38D5AA1797 /* ofxRtMidiOut.h */,
			);
			name = desktop;
			sourceTree = "<group>";
		};
		9CBF51184BE294FD9D73043F /* src */ = {
			isa = PBXGroup;
			children = (
				99DED6A5D3EDE030B1A80348 /* desktop */,
				94B3C3C21F92F9310CA90986 /* ofxBaseMidi.cpp */,
				4310BEFDE24FF04FEBEE8086 /* ofxBaseMidi.h */,
				E238CCDE032640E0FEBFAD82 /* ofxMidi.cpp */,
				05F6CF127D4A621113D4A62F /* ofxMidi.h */,
				938214A2795AA8FED29086DB /* ofxMidiConstants.h */,
				3DD359247F3ED1550D8BB5C9 /* ofxMidiIn.cpp */,
				B76FA489151DBAF1616DF378 /* ofxMidiIn.h */,
				C0E7EDA67EDF213FC0E83D17 /* ofxMidiMessage.cpp */,
				BD0E7AC8BE205034D5B377A6 /* ofxMidiMessage.h */,
				04F77E5C73A62E2E77C78EC6 /* ofxMidiOut.cpp */,
				81436E53CC4A77E326F659C3 /* ofxMidiOut.h */,
				E16BB73D19DD0713FDCC7986 /* ofxMidiTypes.h */,
			);
			name = src;
			sourceTree = "<group>";
		};
		BB4B014C10F69532006C3DED /* addons */ = {
			isa = PBXGroup;
			children = (
				2413C01760B1811BED0F502D /* ofxMidi */,
				76271A12053DA157D2DB4F78 /* ofxTonic */,
			);
			name = addons;
			sourceTree = "<group>";
		};
		BBAB23C913894ECA00AA2426 /* system frameworks */ = {
			isa = PBXGroup;
			children = (
				E7F985F515E0DE99003869B5 /* Accelerate.framework */,
				E4C2424410CC5A17004149E2 /* AppKit.framework */,
				E4C2424510CC5A17004149E2 /* Cocoa.framework */,
				E4C2424610CC5A17004149E2 /* IOKit.framework */,
				E45BE9710E8CC7DD009D7055 /* AGL.framework */,
				E45BE9720E8CC7DD009D7055 /* ApplicationServices.framework */,
				E45BE9730E8CC7DD009D7055 /* AudioToolbox.framework */,
				E45BE9740E8CC7DD009D7055 /* Carbon.framework */,
				E45BE9750E8CC7DD009D7055 /* CoreAudio.framework */,
				E45BE9760E8CC7DD009D7055 /* CoreFoundation.framework */,
				E45BE9770E8CC7DD009D7055 /* CoreServices.framework */,
				E45BE9790E8CC7DD009D7055 /* OpenGL.framework */,
				E45BE97A0E8CC7DD009D7055 /* QuickTime.framework */,
				E7E077E415D3B63C0020DFD4 /* CoreVideo.framework */,
				E7E077E715D3B6510020DFD4 /* QTKit.framework */,
				81AC32CCCB56FAABA3E1BDE0 /* CoreMIDI.framework */,
			);
			name = "system frameworks";
			sourceTree = "<group>";
		};
		BBAB23CA13894EDB00AA2426 /* 3rd party frameworks */ = {
			isa = PBXGroup;
			children = (
				BBAB23BE13894E4700AA2426 /* GLUT.framework */,
			);
			name = "3rd party frameworks";
			sourceTree = "<group>";
		};
		E4328144138ABC890047C5CB /* Products */ = {
			isa = PBXGroup;
			children = (
				E4328148138ABC890047C5CB /* openFrameworksDebug.a */,
			);
			name = Products;
			sourceTree = "<group>";
		};
		E45BE5980E8CC70C009D7055 /* frameworks */ = {
			isa = PBXGroup;
			children = (
				BBAB23CA13894EDB00AA2426 /* 3rd party frameworks */,
				BBAB23C913894ECA00AA2426 /* system frameworks */,
			);
			name = frameworks;
			sourceTree = "<group>";
		};
		E4B69B4A0A3A1720003C02F2 = {
			isa = PBXGroup;
			children = (
				E4B6FCAD0C3E899E008CF71C /* openFrameworks-Info.plist */,
				E4EB6923138AFD0F00A09F29 /* Project.xcconfig */,
				E4B69E1C0A3A1BDC003C02F2 /* src */,
				E4EEC9E9138DF44700A80321 /* openFrameworks */,
				BB4B014C10F69532006C3DED /* addons */,
				E45BE5980E8CC70C009D7055 /* frameworks */,
				E4B69B5B0A3A1756003C02F2 /* firstNightTonicDebug.app */,
			);
			sourceTree = "<group>";
		};
		E4B69E1C0A3A1BDC003C02F2 /* src */ = {
			isa = PBXGroup;
			children = (
				E4B69E1D0A3A1BDC003C02F2 /* main.cpp */,
				E4B69E1E0A3A1BDC003C02F2 /* ofApp.cpp */,
				E4B69E1F0A3A1BDC003C02F2 /* ofApp.h */,
			);
			path = src;
			sourceTree = SOURCE_ROOT;
		};
		E4EEC9E9138DF44700A80321 /* openFrameworks */ = {
			isa = PBXGroup;
			children = (
				E4EB691F138AFCF100A09F29 /* CoreOF.xcconfig */,
				E4328143138ABC890047C5CB /* openFrameworksLib.xcodeproj */,
			);
			name = openFrameworks;
			sourceTree = "<group>";
		};
/* End PBXGroup section */

/* Begin PBXNativeTarget section */
		E4B69B5A0A3A1756003C02F2 /* firstNightTonic */ = {
			isa = PBXNativeTarget;
			buildConfigurationList = E4B69B5F0A3A1757003C02F2 /* Build configuration list for PBXNativeTarget "firstNightTonic" */;
			buildPhases = (
				E4B69B580A3A1756003C02F2 /* Sources */,
				E4B69B590A3A1756003C02F2 /* Frameworks */,
				E4B6FFFD0C3F9AB9008CF71C /* ShellScript */,
				E4C2427710CC5ABF004149E2 /* CopyFiles */,
			);
			buildRules = (
			);
			dependencies = (
				E4EEB9AC138B136A00A80321 /* PBXTargetDependency */,
			);
			name = firstNightTonic;
			productName = myOFApp;
			productReference = E4B69B5B0A3A1756003C02F2 /* firstNightTonicDebug.app */;
			productType = "com.apple.product-type.application";
		};
/* End PBXNativeTarget section */

/* Begin PBXProject section */
		E4B69B4C0A3A1720003C02F2 /* Project object */ = {
			isa = PBXProject;
			attributes = {
				LastUpgradeCheck = 0460;
			};
			buildConfigurationList = E4B69B4D0A3A1720003C02F2 /* Build configuration list for PBXProject "firstNightTonic" */;
			compatibilityVersion = "Xcode 3.2";
			developmentRegion = English;
			hasScannedForEncodings = 0;
			knownRegions = (
				English,
				Japanese,
				French,
				German,
			);
			mainGroup = E4B69B4A0A3A1720003C02F2;
			productRefGroup = E4B69B4A0A3A1720003C02F2;
			projectDirPath = "";
			projectReferences = (
				{
					ProductGroup = E4328144138ABC890047C5CB /* Products */;
					ProjectRef = E4328143138ABC890047C5CB /* openFrameworksLib.xcodeproj */;
				},
			);
			projectRoot = "";
			targets = (
				E4B69B5A0A3A1756003C02F2 /* firstNightTonic */,
			);
		};
/* End PBXProject section */

/* Begin PBXReferenceProxy section */
		E4328148138ABC890047C5CB /* openFrameworksDebug.a */ = {
			isa = PBXReferenceProxy;
			fileType = archive.ar;
			path = openFrameworksDebug.a;
			remoteRef = E4328147138ABC890047C5CB /* PBXContainerItemProxy */;
			sourceTree = BUILT_PRODUCTS_DIR;
		};
/* End PBXReferenceProxy section */

/* Begin PBXShellScriptBuildPhase section */
		E4B6FFFD0C3F9AB9008CF71C /* ShellScript */ = {
			isa = PBXShellScriptBuildPhase;
			buildActionMask = 2147483647;
			files = (
			);
			inputPaths = (
			);
			outputPaths = (
			);
			runOnlyForDeploymentPostprocessing = 0;
			shellPath = /bin/sh;
			shellScript = "cp -f ../../../libs/fmodex/lib/osx/libfmodex.dylib \"$TARGET_BUILD_DIR/$PRODUCT_NAME.app/Contents/MacOS/libfmodex.dylib\"; install_name_tool -change ./libfmodex.dylib @executable_path/libfmodex.dylib \"$TARGET_BUILD_DIR/$PRODUCT_NAME.app/Contents/MacOS/$PRODUCT_NAME\";\nmkdir -p \"$TARGET_BUILD_DIR/$PRODUCT_NAME.app/Contents/Resources/\"\ncp -f \"$ICON_FILE\" \"$TARGET_BUILD_DIR/$PRODUCT_NAME.app/Contents/Resources/\"\n";
		};
/* End PBXShellScriptBuildPhase section */

/* Begin PBXSourcesBuildPhase section */
		E4B69B580A3A1756003C02F2 /* Sources */ = {
			isa = PBXSourcesBuildPhase;
			buildActionMask = 2147483647;
			files = (
				E4B69E200A3A1BDC003C02F2 /* main.cpp in Sources */,
				A8D33B4418760C390046480F /* MonoToStereoPanner.cpp in Sources */,
				A8D33B3418760C390046480F /* ControlSnapToScale.cpp in Sources */,
				A8D33B4518760C390046480F /* Noise.cpp in Sources */,
				A8D33B2E18760C390046480F /* ControlMidiToFreq.cpp in Sources */,
				A8D33B4D18760C390046480F /* StereoDelay.cpp in Sources */,
				A8D33B4318760C390046480F /* Mixer.cpp in Sources */,
				E4B69E210A3A1BDC003C02F2 /* ofApp.cpp in Sources */,
				A8D33B3718760C390046480F /* ControlTrigger.cpp in Sources */,
				A8D33B2518760C390046480F /* ControlComparison.cpp in Sources */,
				A8D33B2118760C390046480F /* CombFilter.cpp in Sources */,
				BCC8D420CBA9217E437D2D76 /* ofxRtMidiIn.cpp in Sources */,
				A8D33B2D18760C390046480F /* ControlMetroDivider.cpp in Sources */,
				A8D33B1C18760C390046480F /* ADSR.cpp in Sources */,
				A8D33B3018760C390046480F /* ControlPrinter.cpp in Sources */,
				A8D33B3E18760C390046480F /* Filters.cpp in Sources */,
				A8D33B2618760C390046480F /* ControlConditioner.cpp in Sources */,
				A8D33B2418760C390046480F /* ControlChangeNotifier.cpp in Sources */,
				A8D33B1E18760C390046480F /* BasicDelay.cpp in Sources */,
				A8D33B2918760C390046480F /* ControlDelay.cpp in Sources */,
				A8D33B3918760C390046480F /* ControlValue.cpp in Sources */,
				3AEFE4FA8AD5C72671AD07F8 /* ofxRtMidiOut.cpp in Sources */,
				A8D33B2218760C390046480F /* CompressorLimiter.cpp in Sources */,
				A8D33B2818760C390046480F /* ControlDbToLinear.cpp in Sources */,
				A8D33B4C18760C390046480F /* SineWave.cpp in Sources */,
				1A86B7721CAEBC6F1C572C45 /* ofxBaseMidi.cpp in Sources */,
				A8D33B4F18760C390046480F /* TableLookupOsc.cpp in Sources */,
				A8D33B5018760C390046480F /* TonicFrames.cpp in Sources */,
				A8D33B2A18760C390046480F /* ControlFloor.cpp in Sources */,
				A8D33B3C18760C390046480F /* DSPUtils.cpp in Sources */,
				A8D33B4E18760C390046480F /* Synth.cpp in Sources */,
				63F9FE1D90234FA6DE6F509E /* ofxMidi.cpp in Sources */,
				0BFC9C20FD7E3C8D5873AA97 /* ofxMidiIn.cpp in Sources */,
				A8D33B3518760C390046480F /* ControlStepper.cpp in Sources */,
				A8D33B3A18760C390046480F /* ControlXYSpeed.cpp in Sources */,
				A8D33B2018760C390046480F /* BufferFiller.cpp in Sources */,
				A8D33B3118760C390046480F /* ControlPulse.cpp in Sources */,
				A8D33B4A18760C390046480F /* SampleTable.cpp in Sources */,
				A8D33B3B18760C390046480F /* DelayUtils.cpp in Sources */,
				A8D33B4218760C390046480F /* LFNoise.cpp in Sources */,
				A8D33B2318760C390046480F /* ControlArithmetic.cpp in Sources */,
				C6FE64F74F1EA1D98C8F9847 /* ofxMidiMessage.cpp in Sources */,
				A8D33B4118760C390046480F /* Generator.cpp in Sources */,
				A8D33B2F18760C390046480F /* ControlParameter.cpp in Sources */,
				A8D33B1D18760C390046480F /* Arithmetic.cpp in Sources */,
				A8D33B3318760C390046480F /* ControlRecorder.cpp in Sources */,
				A8D33B2C18760C390046480F /* ControlMetro.cpp in Sources */,
				A8D33B1F18760C390046480F /* BLEPOscillator.cpp in Sources */,
				A8D33B4618760C390046480F /* RampedValue.cpp in Sources */,
				83D9F930112E0944444124EE /* ofxMidiOut.cpp in Sources */,
				A8D33B3F18760C390046480F /* FilterUtils.cpp in Sources */,
				63D0FD8734D5760B8080C901 /* RtMidi.cpp in Sources */,
				A08D9CF6078FDA57A7CE04C4 /* ofxTonicSynth.cpp in Sources */,
				A8D33B4918760C390046480F /* RingBuffer.cpp in Sources */,
				A8D33B3618760C390046480F /* ControlSwitcher.cpp in Sources */,
				A8D33B3D18760C390046480F /* Effect.cpp in Sources */,
				A8D33B4818760C390046480F /* Reverb.cpp in Sources */,
				A8D33B3818760C390046480F /* ControlTriggerFilter.cpp in Sources */,
				A8D33B4718760C390046480F /* RectWave.cpp in Sources */,
				A8D33B4018760C390046480F /* FixedValue.cpp in Sources */,
				A8D33B2B18760C390046480F /* ControlGenerator.cpp in Sources */,
				A8D33B3218760C390046480F /* ControlRandom.cpp in Sources */,
				A8D33B4B18760C390046480F /* SawtoothWave.cpp in Sources */,
				A8D33B2718760C390046480F /* ControlCounter.cpp in Sources */,
			);
			runOnlyForDeploymentPostprocessing = 0;
		};
/* End PBXSourcesBuildPhase section */

/* Begin PBXTargetDependency section */
		E4EEB9AC138B136A00A80321 /* PBXTargetDependency */ = {
			isa = PBXTargetDependency;
			name = openFrameworks;
			targetProxy = E4EEB9AB138B136A00A80321 /* PBXContainerItemProxy */;
		};
/* End PBXTargetDependency section */

/* Begin XCBuildConfiguration section */
		E4B69B4E0A3A1720003C02F2 /* Debug */ = {
			isa = XCBuildConfiguration;
			baseConfigurationReference = E4EB6923138AFD0F00A09F29 /* Project.xcconfig */;
			buildSettings = {
				ARCHS = "$(NATIVE_ARCH)";
				CONFIGURATION_BUILD_DIR = "$(SRCROOT)/bin/";
				COPY_PHASE_STRIP = NO;
				DEAD_CODE_STRIPPING = YES;
				GCC_AUTO_VECTORIZATION = YES;
				GCC_ENABLE_SSE3_EXTENSIONS = YES;
				GCC_ENABLE_SUPPLEMENTAL_SSE3_INSTRUCTIONS = YES;
				GCC_INLINES_ARE_PRIVATE_EXTERN = NO;
				GCC_OPTIMIZATION_LEVEL = 0;
				GCC_SYMBOLS_PRIVATE_EXTERN = NO;
				GCC_WARN_ABOUT_DEPRECATED_FUNCTIONS = YES;
				GCC_WARN_ABOUT_INVALID_OFFSETOF_MACRO = NO;
				GCC_WARN_ALLOW_INCOMPLETE_PROTOCOL = NO;
				GCC_WARN_UNINITIALIZED_AUTOS = NO;
				GCC_WARN_UNUSED_VALUE = NO;
				GCC_WARN_UNUSED_VARIABLE = NO;
				HEADER_SEARCH_PATHS = (
					"$(OF_CORE_HEADERS)",
					../../../addons/ofxMidi/libs,
					../../../addons/ofxMidi/libs/pgmidi,
					../../../addons/ofxMidi/libs/rtmidi,
					../../../addons/ofxMidi/src,
					../../../addons/ofxMidi/src/desktop,
					../../../addons/ofxMidi/src/ios,
					../../../addons/ofxTonic/libs,
					../../../addons/ofxTonic/src,
					../../../addons/ofxTonic/src/Tonic,
				);
				MACOSX_DEPLOYMENT_TARGET = 10.6;
				OTHER_CPLUSPLUSFLAGS = (
					"-D__MACOSX_CORE__",
					"-lpthread",
					"-mtune=native",
				);
				SDKROOT = macosx;
			};
			name = Debug;
		};
		E4B69B4F0A3A1720003C02F2 /* Release */ = {
			isa = XCBuildConfiguration;
			baseConfigurationReference = E4EB6923138AFD0F00A09F29 /* Project.xcconfig */;
			buildSettings = {
				ARCHS = "$(NATIVE_ARCH)";
				CONFIGURATION_BUILD_DIR = "$(SRCROOT)/bin/";
				COPY_PHASE_STRIP = YES;
				DEAD_CODE_STRIPPING = YES;
				GCC_AUTO_VECTORIZATION = YES;
				GCC_ENABLE_SSE3_EXTENSIONS = YES;
				GCC_ENABLE_SUPPLEMENTAL_SSE3_INSTRUCTIONS = YES;
				GCC_INLINES_ARE_PRIVATE_EXTERN = NO;
				GCC_OPTIMIZATION_LEVEL = 3;
				GCC_SYMBOLS_PRIVATE_EXTERN = NO;
				GCC_UNROLL_LOOPS = YES;
				GCC_WARN_ABOUT_DEPRECATED_FUNCTIONS = YES;
				GCC_WARN_ABOUT_INVALID_OFFSETOF_MACRO = NO;
				GCC_WARN_ALLOW_INCOMPLETE_PROTOCOL = NO;
				GCC_WARN_UNINITIALIZED_AUTOS = NO;
				GCC_WARN_UNUSED_VALUE = NO;
				GCC_WARN_UNUSED_VARIABLE = NO;
				HEADER_SEARCH_PATHS = (
					"$(OF_CORE_HEADERS)",
					../../../addons/ofxMidi/libs,
					../../../addons/ofxMidi/libs/pgmidi,
					../../../addons/ofxMidi/libs/rtmidi,
					../../../addons/ofxMidi/src,
					../../../addons/ofxMidi/src/desktop,
					../../../addons/ofxMidi/src/ios,
					../../../addons/ofxTonic/libs,
					../../../addons/ofxTonic/src,
					../../../addons/ofxTonic/src/Tonic,
				);
				MACOSX_DEPLOYMENT_TARGET = 10.6;
				OTHER_CPLUSPLUSFLAGS = (
					"-D__MACOSX_CORE__",
					"-lpthread",
					"-mtune=native",
				);
				SDKROOT = macosx;
			};
			name = Release;
		};
		E4B69B600A3A1757003C02F2 /* Debug */ = {
			isa = XCBuildConfiguration;
			buildSettings = {
				COMBINE_HIDPI_IMAGES = YES;
				COPY_PHASE_STRIP = NO;
				FRAMEWORK_SEARCH_PATHS = (
					"$(inherited)",
					"$(FRAMEWORK_SEARCH_PATHS_QUOTED_FOR_TARGET_1)",
				);
				FRAMEWORK_SEARCH_PATHS_QUOTED_FOR_TARGET_1 = "\"$(SRCROOT)/../../../libs/glut/lib/osx\"";
				GCC_DYNAMIC_NO_PIC = NO;
				GCC_GENERATE_DEBUGGING_SYMBOLS = YES;
				GCC_MODEL_TUNING = NONE;
				ICON = "$(ICON_NAME_DEBUG)";
				ICON_FILE = "$(ICON_FILE_PATH)$(ICON)";
				INFOPLIST_FILE = "openFrameworks-Info.plist";
				INSTALL_PATH = "$(HOME)/Applications";
				LIBRARY_SEARCH_PATHS = (
					"$(inherited)",
					"$(LIBRARY_SEARCH_PATHS_QUOTED_FOR_TARGET_1)",
					"$(LIBRARY_SEARCH_PATHS_QUOTED_FOR_TARGET_2)",
					"$(LIBRARY_SEARCH_PATHS_QUOTED_FOR_TARGET_3)",
					"$(LIBRARY_SEARCH_PATHS_QUOTED_FOR_TARGET_4)",
					"$(LIBRARY_SEARCH_PATHS_QUOTED_FOR_TARGET_5)",
					"$(LIBRARY_SEARCH_PATHS_QUOTED_FOR_TARGET_6)",
					"$(LIBRARY_SEARCH_PATHS_QUOTED_FOR_TARGET_7)",
					"$(LIBRARY_SEARCH_PATHS_QUOTED_FOR_TARGET_8)",
					"$(LIBRARY_SEARCH_PATHS_QUOTED_FOR_TARGET_9)",
					"$(LIBRARY_SEARCH_PATHS_QUOTED_FOR_TARGET_10)",
					"$(LIBRARY_SEARCH_PATHS_QUOTED_FOR_TARGET_11)",
					"$(LIBRARY_SEARCH_PATHS_QUOTED_FOR_TARGET_12)",
					"$(LIBRARY_SEARCH_PATHS_QUOTED_FOR_TARGET_13)",
					"$(LIBRARY_SEARCH_PATHS_QUOTED_FOR_TARGET_14)",
					"$(LIBRARY_SEARCH_PATHS_QUOTED_FOR_TARGET_15)",
					"$(LIBRARY_SEARCH_PATHS_QUOTED_FOR_TARGET_2)",
					"$(LIBRARY_SEARCH_PATHS_QUOTED_FOR_TARGET_3)",
					"$(LIBRARY_SEARCH_PATHS_QUOTED_FOR_TARGET_7)",
					"$(LIBRARY_SEARCH_PATHS_QUOTED_FOR_TARGET_8)",
					"$(LIBRARY_SEARCH_PATHS_QUOTED_FOR_TARGET_9)",
					"$(LIBRARY_SEARCH_PATHS_QUOTED_FOR_TARGET_10)",
					"$(LIBRARY_SEARCH_PATHS_QUOTED_FOR_TARGET_11)",
					"$(LIBRARY_SEARCH_PATHS_QUOTED_FOR_TARGET_12)",
					"$(LIBRARY_SEARCH_PATHS_QUOTED_FOR_TARGET_13)",
					"$(LIBRARY_SEARCH_PATHS_QUOTED_FOR_TARGET_16)",
					"$(LIBRARY_SEARCH_PATHS_QUOTED_FOR_TARGET_17)",
					"$(LIBRARY_SEARCH_PATHS_QUOTED_FOR_TARGET_18)",
					"$(LIBRARY_SEARCH_PATHS_QUOTED_FOR_TARGET_19)",
					"$(LIBRARY_SEARCH_PATHS_QUOTED_FOR_TARGET_20)",
					"$(LIBRARY_SEARCH_PATHS_QUOTED_FOR_TARGET_21)",
					"$(LIBRARY_SEARCH_PATHS_QUOTED_FOR_TARGET_22)",
					"$(LIBRARY_SEARCH_PATHS_QUOTED_FOR_TARGET_23)",
					"$(LIBRARY_SEARCH_PATHS_QUOTED_FOR_TARGET_24)",
					"$(LIBRARY_SEARCH_PATHS_QUOTED_FOR_TARGET_25)",
					"$(LIBRARY_SEARCH_PATHS_QUOTED_FOR_TARGET_26)",
					"$(LIBRARY_SEARCH_PATHS_QUOTED_FOR_TARGET_27)",
					"$(LIBRARY_SEARCH_PATHS_QUOTED_FOR_TARGET_28)",
					"$(LIBRARY_SEARCH_PATHS_QUOTED_FOR_TARGET_29)",
					"$(LIBRARY_SEARCH_PATHS_QUOTED_FOR_TARGET_30)",
					"$(LIBRARY_SEARCH_PATHS_QUOTED_FOR_TARGET_31)",
					"$(LIBRARY_SEARCH_PATHS_QUOTED_FOR_TARGET_32)",
					"$(LIBRARY_SEARCH_PATHS_QUOTED_FOR_TARGET_33)",
					"$(LIBRARY_SEARCH_PATHS_QUOTED_FOR_TARGET_34)",
					"$(LIBRARY_SEARCH_PATHS_QUOTED_FOR_TARGET_35)",
					"$(LIBRARY_SEARCH_PATHS_QUOTED_FOR_TARGET_36)",
					"$(LIBRARY_SEARCH_PATHS_QUOTED_FOR_TARGET_37)",
					"$(LIBRARY_SEARCH_PATHS_QUOTED_FOR_TARGET_38)",
					"$(LIBRARY_SEARCH_PATHS_QUOTED_FOR_TARGET_39)",
					"$(LIBRARY_SEARCH_PATHS_QUOTED_FOR_TARGET_40)",
					"$(LIBRARY_SEARCH_PATHS_QUOTED_FOR_TARGET_41)",
					"$(LIBRARY_SEARCH_PATHS_QUOTED_FOR_TARGET_42)",
					"$(LIBRARY_SEARCH_PATHS_QUOTED_FOR_TARGET_43)",
					"$(LIBRARY_SEARCH_PATHS_QUOTED_FOR_TARGET_44)",
					"$(LIBRARY_SEARCH_PATHS_QUOTED_FOR_TARGET_45)",
					"$(LIBRARY_SEARCH_PATHS_QUOTED_FOR_TARGET_46)",
					"$(LIBRARY_SEARCH_PATHS_QUOTED_FOR_TARGET_47)",
					"$(LIBRARY_SEARCH_PATHS_QUOTED_FOR_TARGET_48)",
					"$(LIBRARY_SEARCH_PATHS_QUOTED_FOR_TARGET_49)",
					"$(LIBRARY_SEARCH_PATHS_QUOTED_FOR_TARGET_50)",
					"$(LIBRARY_SEARCH_PATHS_QUOTED_FOR_TARGET_51)",
					"$(LIBRARY_SEARCH_PATHS_QUOTED_FOR_TARGET_52)",
				);
				PRODUCT_NAME = "$(TARGET_NAME)Debug";
				WRAPPER_EXTENSION = app;
			};
			name = Debug;
		};
		E4B69B610A3A1757003C02F2 /* Release */ = {
			isa = XCBuildConfiguration;
			buildSettings = {
				COMBINE_HIDPI_IMAGES = YES;
				COPY_PHASE_STRIP = YES;
				FRAMEWORK_SEARCH_PATHS = (
					"$(inherited)",
					"$(FRAMEWORK_SEARCH_PATHS_QUOTED_FOR_TARGET_1)",
				);
				FRAMEWORK_SEARCH_PATHS_QUOTED_FOR_TARGET_1 = "\"$(SRCROOT)/../../../libs/glut/lib/osx\"";
				GCC_GENERATE_DEBUGGING_SYMBOLS = YES;
				GCC_MODEL_TUNING = NONE;
				ICON = "$(ICON_NAME_RELEASE)";
				ICON_FILE = "$(ICON_FILE_PATH)$(ICON)";
				INFOPLIST_FILE = "openFrameworks-Info.plist";
				INSTALL_PATH = "$(HOME)/Applications";
				LIBRARY_SEARCH_PATHS = (
					"$(inherited)",
					"$(LIBRARY_SEARCH_PATHS_QUOTED_FOR_TARGET_1)",
					"$(LIBRARY_SEARCH_PATHS_QUOTED_FOR_TARGET_2)",
					"$(LIBRARY_SEARCH_PATHS_QUOTED_FOR_TARGET_3)",
					"$(LIBRARY_SEARCH_PATHS_QUOTED_FOR_TARGET_4)",
					"$(LIBRARY_SEARCH_PATHS_QUOTED_FOR_TARGET_5)",
					"$(LIBRARY_SEARCH_PATHS_QUOTED_FOR_TARGET_6)",
					"$(LIBRARY_SEARCH_PATHS_QUOTED_FOR_TARGET_7)",
					"$(LIBRARY_SEARCH_PATHS_QUOTED_FOR_TARGET_8)",
					"$(LIBRARY_SEARCH_PATHS_QUOTED_FOR_TARGET_9)",
					"$(LIBRARY_SEARCH_PATHS_QUOTED_FOR_TARGET_10)",
					"$(LIBRARY_SEARCH_PATHS_QUOTED_FOR_TARGET_11)",
					"$(LIBRARY_SEARCH_PATHS_QUOTED_FOR_TARGET_12)",
					"$(LIBRARY_SEARCH_PATHS_QUOTED_FOR_TARGET_13)",
					"$(LIBRARY_SEARCH_PATHS_QUOTED_FOR_TARGET_14)",
					"$(LIBRARY_SEARCH_PATHS_QUOTED_FOR_TARGET_15)",
					"$(LIBRARY_SEARCH_PATHS_QUOTED_FOR_TARGET_2)",
					"$(LIBRARY_SEARCH_PATHS_QUOTED_1)",
					"$(LIBRARY_SEARCH_PATHS_QUOTED_FOR_TARGET_3)",
					"$(LIBRARY_SEARCH_PATHS_QUOTED_FOR_TARGET_7)",
					"$(LIBRARY_SEARCH_PATHS_QUOTED_FOR_TARGET_8)",
					"$(LIBRARY_SEARCH_PATHS_QUOTED_FOR_TARGET_9)",
					"$(LIBRARY_SEARCH_PATHS_QUOTED_FOR_TARGET_10)",
					"$(LIBRARY_SEARCH_PATHS_QUOTED_FOR_TARGET_11)",
					"$(LIBRARY_SEARCH_PATHS_QUOTED_FOR_TARGET_12)",
					"$(LIBRARY_SEARCH_PATHS_QUOTED_FOR_TARGET_13)",
					"$(LIBRARY_SEARCH_PATHS_QUOTED_FOR_TARGET_16)",
					"$(LIBRARY_SEARCH_PATHS_QUOTED_FOR_TARGET_17)",
					"$(LIBRARY_SEARCH_PATHS_QUOTED_FOR_TARGET_18)",
					"$(LIBRARY_SEARCH_PATHS_QUOTED_FOR_TARGET_19)",
					"$(LIBRARY_SEARCH_PATHS_QUOTED_FOR_TARGET_20)",
					"$(LIBRARY_SEARCH_PATHS_QUOTED_FOR_TARGET_21)",
					"$(LIBRARY_SEARCH_PATHS_QUOTED_FOR_TARGET_22)",
					"$(LIBRARY_SEARCH_PATHS_QUOTED_FOR_TARGET_23)",
					"$(LIBRARY_SEARCH_PATHS_QUOTED_FOR_TARGET_24)",
					"$(LIBRARY_SEARCH_PATHS_QUOTED_FOR_TARGET_25)",
					"$(LIBRARY_SEARCH_PATHS_QUOTED_FOR_TARGET_26)",
					"$(LIBRARY_SEARCH_PATHS_QUOTED_FOR_TARGET_27)",
					"$(LIBRARY_SEARCH_PATHS_QUOTED_FOR_TARGET_28)",
					"$(LIBRARY_SEARCH_PATHS_QUOTED_FOR_TARGET_29)",
					"$(LIBRARY_SEARCH_PATHS_QUOTED_FOR_TARGET_30)",
					"$(LIBRARY_SEARCH_PATHS_QUOTED_FOR_TARGET_31)",
					"$(LIBRARY_SEARCH_PATHS_QUOTED_FOR_TARGET_32)",
					"$(LIBRARY_SEARCH_PATHS_QUOTED_FOR_TARGET_33)",
					"$(LIBRARY_SEARCH_PATHS_QUOTED_FOR_TARGET_34)",
					"$(LIBRARY_SEARCH_PATHS_QUOTED_FOR_TARGET_35)",
					"$(LIBRARY_SEARCH_PATHS_QUOTED_FOR_TARGET_36)",
					"$(LIBRARY_SEARCH_PATHS_QUOTED_FOR_TARGET_37)",
					"$(LIBRARY_SEARCH_PATHS_QUOTED_FOR_TARGET_38)",
					"$(LIBRARY_SEARCH_PATHS_QUOTED_FOR_TARGET_39)",
					"$(LIBRARY_SEARCH_PATHS_QUOTED_FOR_TARGET_40)",
					"$(LIBRARY_SEARCH_PATHS_QUOTED_FOR_TARGET_41)",
					"$(LIBRARY_SEARCH_PATHS_QUOTED_FOR_TARGET_42)",
					"$(LIBRARY_SEARCH_PATHS_QUOTED_FOR_TARGET_43)",
					"$(LIBRARY_SEARCH_PATHS_QUOTED_FOR_TARGET_44)",
					"$(LIBRARY_SEARCH_PATHS_QUOTED_FOR_TARGET_45)",
					"$(LIBRARY_SEARCH_PATHS_QUOTED_FOR_TARGET_46)",
					"$(LIBRARY_SEARCH_PATHS_QUOTED_FOR_TARGET_47)",
					"$(LIBRARY_SEARCH_PATHS_QUOTED_FOR_TARGET_48)",
					"$(LIBRARY_SEARCH_PATHS_QUOTED_FOR_TARGET_49)",
					"$(LIBRARY_SEARCH_PATHS_QUOTED_FOR_TARGET_50)",
					"$(LIBRARY_SEARCH_PATHS_QUOTED_FOR_TARGET_51)",
				);
				PRODUCT_NAME = "$(TARGET_NAME)";
				WRAPPER_EXTENSION = app;
			};
			name = Release;
		};
/* End XCBuildConfiguration section */

/* Begin XCConfigurationList section */
		E4B69B4D0A3A1720003C02F2 /* Build configuration list for PBXProject "firstNightTonic" */ = {
			isa = XCConfigurationList;
			buildConfigurations = (
				E4B69B4E0A3A1720003C02F2 /* Debug */,
				E4B69B4F0A3A1720003C02F2 /* Release */,
			);
			defaultConfigurationIsVisible = 0;
			defaultConfigurationName = Release;
		};
		E4B69B5F0A3A1757003C02F2 /* Build configuration list for PBXNativeTarget "firstNightTonic" */ = {
			isa = XCConfigurationList;
			buildConfigurations = (
				E4B69B600A3A1757003C02F2 /* Debug */,
				E4B69B610A3A1757003C02F2 /* Release */,
			);
			defaultConfigurationIsVisible = 0;
			defaultConfigurationName = Release;
		};
/* End XCConfigurationList section */
	};
	rootObject = E4B69B4C0A3A1720003C02F2 /* Project object */;
}
